// !$*UTF8*$!
{
	archiveVersion = 1;
	classes = {
	};
	objectVersion = 46;
	objects = {

/* Begin PBXBuildFile section */
		3A584A151B50102F00860FAB /* US2MapperKitOSX.h in Headers */ = {isa = PBXBuildFile; fileRef = 3A584A141B50102F00860FAB /* US2MapperKitOSX.h */; settings = {ATTRIBUTES = (Public, ); }; };
		3A584D961B501F7400860FAB /* _US2Mapper.swift in Sources */ = {isa = PBXBuildFile; fileRef = 3A584D921B501F7400860FAB /* _US2Mapper.swift */; };
		3A584D9A1B501F7400860FAB /* US2CompoundValueMapper.swift in Sources */ = {isa = PBXBuildFile; fileRef = 3A584D931B501F7400860FAB /* US2CompoundValueMapper.swift */; };
		3A584DC71B501F7D00860FAB /* _TestObjectEight.swift in Sources */ = {isa = PBXBuildFile; fileRef = 3A584D9F1B501F7D00860FAB /* _TestObjectEight.swift */; };
		3A584DC91B501F7D00860FAB /* _TestObjectEleven.swift in Sources */ = {isa = PBXBuildFile; fileRef = 3A584DA01B501F7D00860FAB /* _TestObjectEleven.swift */; };
		3A584DCB1B501F7D00860FAB /* _TestObjectFive.swift in Sources */ = {isa = PBXBuildFile; fileRef = 3A584DA11B501F7D00860FAB /* _TestObjectFive.swift */; };
		3A584DCD1B501F7D00860FAB /* _TestObjectFour.swift in Sources */ = {isa = PBXBuildFile; fileRef = 3A584DA21B501F7D00860FAB /* _TestObjectFour.swift */; };
		3A584DCF1B501F7D00860FAB /* _TestObjectNine.swift in Sources */ = {isa = PBXBuildFile; fileRef = 3A584DA31B501F7D00860FAB /* _TestObjectNine.swift */; };
		3A584DD11B501F7D00860FAB /* _TestObjectOne.swift in Sources */ = {isa = PBXBuildFile; fileRef = 3A584DA41B501F7D00860FAB /* _TestObjectOne.swift */; };
		3A584DD31B501F7D00860FAB /* _TestObjectSeven.swift in Sources */ = {isa = PBXBuildFile; fileRef = 3A584DA51B501F7D00860FAB /* _TestObjectSeven.swift */; };
		3A584DD51B501F7D00860FAB /* _TestObjectSix.swift in Sources */ = {isa = PBXBuildFile; fileRef = 3A584DA61B501F7D00860FAB /* _TestObjectSix.swift */; };
		3A584DD71B501F7D00860FAB /* _TestObjectTen.swift in Sources */ = {isa = PBXBuildFile; fileRef = 3A584DA71B501F7D00860FAB /* _TestObjectTen.swift */; };
		3A584DD91B501F7D00860FAB /* _TestObjectThree.swift in Sources */ = {isa = PBXBuildFile; fileRef = 3A584DA81B501F7D00860FAB /* _TestObjectThree.swift */; };
		3A584DDB1B501F7D00860FAB /* _TestObjectTwelve.swift in Sources */ = {isa = PBXBuildFile; fileRef = 3A584DA91B501F7D00860FAB /* _TestObjectTwelve.swift */; };
		3A584DDD1B501F7D00860FAB /* _TestObjectTwo.swift in Sources */ = {isa = PBXBuildFile; fileRef = 3A584DAA1B501F7D00860FAB /* _TestObjectTwo.swift */; };
		3A584DDF1B501F7D00860FAB /* US2Mapper.swift in Sources */ = {isa = PBXBuildFile; fileRef = 3A584DAB1B501F7D00860FAB /* US2Mapper.swift */; };
		3A584DE11B501F7D00860FAB /* TestObjectEight.swift in Sources */ = {isa = PBXBuildFile; fileRef = 3A584DAC1B501F7D00860FAB /* TestObjectEight.swift */; };
		3A584DE31B501F7D00860FAB /* TestObjectEleven.swift in Sources */ = {isa = PBXBuildFile; fileRef = 3A584DAD1B501F7D00860FAB /* TestObjectEleven.swift */; };
		3A584DE51B501F7D00860FAB /* TestObjectFive.swift in Sources */ = {isa = PBXBuildFile; fileRef = 3A584DAE1B501F7D00860FAB /* TestObjectFive.swift */; };
		3A584DE71B501F7D00860FAB /* TestObjectFour.swift in Sources */ = {isa = PBXBuildFile; fileRef = 3A584DAF1B501F7D00860FAB /* TestObjectFour.swift */; };
		3A584DE91B501F7D00860FAB /* TestObjectNine.swift in Sources */ = {isa = PBXBuildFile; fileRef = 3A584DB01B501F7D00860FAB /* TestObjectNine.swift */; };
		3A584DEB1B501F7D00860FAB /* TestObjectOne.swift in Sources */ = {isa = PBXBuildFile; fileRef = 3A584DB11B501F7D00860FAB /* TestObjectOne.swift */; };
		3A584DED1B501F7D00860FAB /* TestObjectSeven.swift in Sources */ = {isa = PBXBuildFile; fileRef = 3A584DB21B501F7D00860FAB /* TestObjectSeven.swift */; };
		3A584DEF1B501F7D00860FAB /* TestObjectSix.swift in Sources */ = {isa = PBXBuildFile; fileRef = 3A584DB31B501F7D00860FAB /* TestObjectSix.swift */; };
		3A584DF11B501F7D00860FAB /* TestObjectTen.swift in Sources */ = {isa = PBXBuildFile; fileRef = 3A584DB41B501F7D00860FAB /* TestObjectTen.swift */; };
		3A584DF31B501F7D00860FAB /* TestObjectThree.swift in Sources */ = {isa = PBXBuildFile; fileRef = 3A584DB51B501F7D00860FAB /* TestObjectThree.swift */; };
		3A584DF51B501F7D00860FAB /* TestObjectTwelve.swift in Sources */ = {isa = PBXBuildFile; fileRef = 3A584DB61B501F7D00860FAB /* TestObjectTwelve.swift */; };
		3A584DF71B501F7D00860FAB /* TestObjectTwo.swift in Sources */ = {isa = PBXBuildFile; fileRef = 3A584DB71B501F7D00860FAB /* TestObjectTwo.swift */; };
		3A584DF91B501F7D00860FAB /* TestObjectEight.plist in Resources */ = {isa = PBXBuildFile; fileRef = 3A584DB91B501F7D00860FAB /* TestObjectEight.plist */; };
		3A584DFB1B501F7D00860FAB /* TestObjectEleven.plist in Resources */ = {isa = PBXBuildFile; fileRef = 3A584DBA1B501F7D00860FAB /* TestObjectEleven.plist */; };
		3A584DFD1B501F7D00860FAB /* TestObjectFive.plist in Resources */ = {isa = PBXBuildFile; fileRef = 3A584DBB1B501F7D00860FAB /* TestObjectFive.plist */; };
		3A584DFF1B501F7D00860FAB /* TestObjectFour.plist in Resources */ = {isa = PBXBuildFile; fileRef = 3A584DBC1B501F7D00860FAB /* TestObjectFour.plist */; };
		3A584E011B501F7D00860FAB /* TestObjectNine.plist in Resources */ = {isa = PBXBuildFile; fileRef = 3A584DBD1B501F7D00860FAB /* TestObjectNine.plist */; };
		3A584E031B501F7D00860FAB /* TestObjectSeven.plist in Resources */ = {isa = PBXBuildFile; fileRef = 3A584DBE1B501F7D00860FAB /* TestObjectSeven.plist */; };
		3A584E051B501F7D00860FAB /* TestObjectSix.plist in Resources */ = {isa = PBXBuildFile; fileRef = 3A584DBF1B501F7D00860FAB /* TestObjectSix.plist */; };
		3A584E071B501F7D00860FAB /* TestObjectTen.plist in Resources */ = {isa = PBXBuildFile; fileRef = 3A584DC01B501F7D00860FAB /* TestObjectTen.plist */; };
		3A584E091B501F7D00860FAB /* TestObjectThree.plist in Resources */ = {isa = PBXBuildFile; fileRef = 3A584DC11B501F7D00860FAB /* TestObjectThree.plist */; };
		3A584E0B1B501F7D00860FAB /* TestObjectTwelve.plist in Resources */ = {isa = PBXBuildFile; fileRef = 3A584DC21B501F7D00860FAB /* TestObjectTwelve.plist */; };
		3A584E0D1B501F7D00860FAB /* TestObjectTwo.plist in Resources */ = {isa = PBXBuildFile; fileRef = 3A584DC31B501F7D00860FAB /* TestObjectTwo.plist */; };
		3A584E0F1B501F7D00860FAB /* US2MapperCoreTests.swift in Sources */ = {isa = PBXBuildFile; fileRef = 3A584DC41B501F7D00860FAB /* US2MapperCoreTests.swift */; };
		3A584E111B501F7D00860FAB /* US2MapperScenarioTests.swift in Sources */ = {isa = PBXBuildFile; fileRef = 3A584DC51B501F7D00860FAB /* US2MapperScenarioTests.swift */; };
		3A584E131B501FC500860FAB /* US2CompoundValueMapper.swift in Sources */ = {isa = PBXBuildFile; fileRef = 3A584D931B501F7400860FAB /* US2CompoundValueMapper.swift */; };
		3A584E141B501FC700860FAB /* _US2Mapper.swift in Sources */ = {isa = PBXBuildFile; fileRef = 3A584D921B501F7400860FAB /* _US2Mapper.swift */; };
		3A584E2D1B5025B000860FAB /* ModelScript in Resources */ = {isa = PBXBuildFile; fileRef = 3A584E2B1B5025B000860FAB /* ModelScript */; };
		3A584E381B502AFC00860FAB /* US2MapperKitiOS.h in Headers */ = {isa = PBXBuildFile; fileRef = 3A584E371B502AFC00860FAB /* US2MapperKitiOS.h */; settings = {ATTRIBUTES = (Public, ); }; };
		3A584E3E1B502AFD00860FAB /* US2MapperKit.framework in Frameworks */ = {isa = PBXBuildFile; fileRef = 3A584E331B502AFC00860FAB /* US2MapperKit.framework */; };
		3A584E4C1B502B3B00860FAB /* _US2Mapper.swift in Sources */ = {isa = PBXBuildFile; fileRef = 3A584D921B501F7400860FAB /* _US2Mapper.swift */; };
		3A584E4D1B502B3B00860FAB /* US2CompoundValueMapper.swift in Sources */ = {isa = PBXBuildFile; fileRef = 3A584D931B501F7400860FAB /* US2CompoundValueMapper.swift */; };
		3A584E4E1B502B4500860FAB /* ModelScript in Resources */ = {isa = PBXBuildFile; fileRef = 3A584E2B1B5025B000860FAB /* ModelScript */; };
		3A584E751B502B6100860FAB /* _US2Mapper.swift in Sources */ = {isa = PBXBuildFile; fileRef = 3A584D921B501F7400860FAB /* _US2Mapper.swift */; };
		3A584E761B502B6100860FAB /* US2CompoundValueMapper.swift in Sources */ = {isa = PBXBuildFile; fileRef = 3A584D931B501F7400860FAB /* US2CompoundValueMapper.swift */; };
		3A584EA11B502BD400860FAB /* _TestObjectEight.swift in Sources */ = {isa = PBXBuildFile; fileRef = 3A584E7A1B502BD400860FAB /* _TestObjectEight.swift */; };
		3A584EA21B502BD400860FAB /* _TestObjectEleven.swift in Sources */ = {isa = PBXBuildFile; fileRef = 3A584E7B1B502BD400860FAB /* _TestObjectEleven.swift */; };
		3A584EA31B502BD400860FAB /* _TestObjectFive.swift in Sources */ = {isa = PBXBuildFile; fileRef = 3A584E7C1B502BD400860FAB /* _TestObjectFive.swift */; };
		3A584EA41B502BD400860FAB /* _TestObjectFour.swift in Sources */ = {isa = PBXBuildFile; fileRef = 3A584E7D1B502BD400860FAB /* _TestObjectFour.swift */; };
		3A584EA51B502BD400860FAB /* _TestObjectNine.swift in Sources */ = {isa = PBXBuildFile; fileRef = 3A584E7E1B502BD400860FAB /* _TestObjectNine.swift */; };
		3A584EA61B502BD400860FAB /* _TestObjectOne.swift in Sources */ = {isa = PBXBuildFile; fileRef = 3A584E7F1B502BD400860FAB /* _TestObjectOne.swift */; };
		3A584EA71B502BD400860FAB /* _TestObjectSeven.swift in Sources */ = {isa = PBXBuildFile; fileRef = 3A584E801B502BD400860FAB /* _TestObjectSeven.swift */; };
		3A584EA81B502BD400860FAB /* _TestObjectSix.swift in Sources */ = {isa = PBXBuildFile; fileRef = 3A584E811B502BD400860FAB /* _TestObjectSix.swift */; };
		3A584EA91B502BD400860FAB /* _TestObjectTen.swift in Sources */ = {isa = PBXBuildFile; fileRef = 3A584E821B502BD400860FAB /* _TestObjectTen.swift */; };
		3A584EAA1B502BD400860FAB /* _TestObjectThree.swift in Sources */ = {isa = PBXBuildFile; fileRef = 3A584E831B502BD400860FAB /* _TestObjectThree.swift */; };
		3A584EAB1B502BD400860FAB /* _TestObjectTwelve.swift in Sources */ = {isa = PBXBuildFile; fileRef = 3A584E841B502BD400860FAB /* _TestObjectTwelve.swift */; };
		3A584EAC1B502BD400860FAB /* _TestObjectTwo.swift in Sources */ = {isa = PBXBuildFile; fileRef = 3A584E851B502BD400860FAB /* _TestObjectTwo.swift */; };
		3A584EAD1B502BD400860FAB /* US2Mapper.swift in Sources */ = {isa = PBXBuildFile; fileRef = 3A584E861B502BD400860FAB /* US2Mapper.swift */; };
		3A584EAE1B502BD400860FAB /* TestObjectEight.swift in Sources */ = {isa = PBXBuildFile; fileRef = 3A584E871B502BD400860FAB /* TestObjectEight.swift */; };
		3A584EAF1B502BD400860FAB /* TestObjectEleven.swift in Sources */ = {isa = PBXBuildFile; fileRef = 3A584E881B502BD400860FAB /* TestObjectEleven.swift */; };
		3A584EB01B502BD400860FAB /* TestObjectFive.swift in Sources */ = {isa = PBXBuildFile; fileRef = 3A584E891B502BD400860FAB /* TestObjectFive.swift */; };
		3A584EB11B502BD400860FAB /* TestObjectFour.swift in Sources */ = {isa = PBXBuildFile; fileRef = 3A584E8A1B502BD400860FAB /* TestObjectFour.swift */; };
		3A584EB21B502BD400860FAB /* TestObjectNine.swift in Sources */ = {isa = PBXBuildFile; fileRef = 3A584E8B1B502BD400860FAB /* TestObjectNine.swift */; };
		3A584EB31B502BD400860FAB /* TestObjectOne.swift in Sources */ = {isa = PBXBuildFile; fileRef = 3A584E8C1B502BD400860FAB /* TestObjectOne.swift */; };
		3A584EB41B502BD400860FAB /* TestObjectSeven.swift in Sources */ = {isa = PBXBuildFile; fileRef = 3A584E8D1B502BD400860FAB /* TestObjectSeven.swift */; };
		3A584EB51B502BD400860FAB /* TestObjectSix.swift in Sources */ = {isa = PBXBuildFile; fileRef = 3A584E8E1B502BD400860FAB /* TestObjectSix.swift */; };
		3A584EB61B502BD400860FAB /* TestObjectTen.swift in Sources */ = {isa = PBXBuildFile; fileRef = 3A584E8F1B502BD400860FAB /* TestObjectTen.swift */; };
		3A584EB71B502BD400860FAB /* TestObjectThree.swift in Sources */ = {isa = PBXBuildFile; fileRef = 3A584E901B502BD400860FAB /* TestObjectThree.swift */; };
		3A584EB81B502BD400860FAB /* TestObjectTwelve.swift in Sources */ = {isa = PBXBuildFile; fileRef = 3A584E911B502BD400860FAB /* TestObjectTwelve.swift */; };
		3A584EB91B502BD400860FAB /* TestObjectTwo.swift in Sources */ = {isa = PBXBuildFile; fileRef = 3A584E921B502BD400860FAB /* TestObjectTwo.swift */; };
		3A584EBA1B502BD400860FAB /* TestObjectEight.plist in Resources */ = {isa = PBXBuildFile; fileRef = 3A584E941B502BD400860FAB /* TestObjectEight.plist */; };
		3A584EBB1B502BD400860FAB /* TestObjectEleven.plist in Resources */ = {isa = PBXBuildFile; fileRef = 3A584E951B502BD400860FAB /* TestObjectEleven.plist */; };
		3A584EBC1B502BD400860FAB /* TestObjectFive.plist in Resources */ = {isa = PBXBuildFile; fileRef = 3A584E961B502BD400860FAB /* TestObjectFive.plist */; };
		3A584EBD1B502BD400860FAB /* TestObjectFour.plist in Resources */ = {isa = PBXBuildFile; fileRef = 3A584E971B502BD400860FAB /* TestObjectFour.plist */; };
		3A584EBE1B502BD400860FAB /* TestObjectNine.plist in Resources */ = {isa = PBXBuildFile; fileRef = 3A584E981B502BD400860FAB /* TestObjectNine.plist */; };
		3A584EBF1B502BD400860FAB /* TestObjectSeven.plist in Resources */ = {isa = PBXBuildFile; fileRef = 3A584E991B502BD400860FAB /* TestObjectSeven.plist */; };
		3A584EC01B502BD400860FAB /* TestObjectSix.plist in Resources */ = {isa = PBXBuildFile; fileRef = 3A584E9A1B502BD400860FAB /* TestObjectSix.plist */; };
		3A584EC11B502BD400860FAB /* TestObjectTen.plist in Resources */ = {isa = PBXBuildFile; fileRef = 3A584E9B1B502BD400860FAB /* TestObjectTen.plist */; };
		3A584EC21B502BD400860FAB /* TestObjectThree.plist in Resources */ = {isa = PBXBuildFile; fileRef = 3A584E9C1B502BD400860FAB /* TestObjectThree.plist */; };
		3A584EC31B502BD400860FAB /* TestObjectTwelve.plist in Resources */ = {isa = PBXBuildFile; fileRef = 3A584E9D1B502BD400860FAB /* TestObjectTwelve.plist */; };
		3A584EC41B502BD400860FAB /* TestObjectTwo.plist in Resources */ = {isa = PBXBuildFile; fileRef = 3A584E9E1B502BD400860FAB /* TestObjectTwo.plist */; };
		3A584EC51B502BD400860FAB /* US2MapperCoreTests.swift in Sources */ = {isa = PBXBuildFile; fileRef = 3A584E9F1B502BD400860FAB /* US2MapperCoreTests.swift */; };
		3A584EC61B502BD400860FAB /* US2MapperScenarioTests.swift in Sources */ = {isa = PBXBuildFile; fileRef = 3A584EA01B502BD400860FAB /* US2MapperScenarioTests.swift */; };
		3A584EC71B502C5600860FAB /* US2MapperKit.framework in Frameworks */ = {isa = PBXBuildFile; fileRef = 3A584A101B50102F00860FAB /* US2MapperKit.framework */; };
/* End PBXBuildFile section */

/* Begin PBXContainerItemProxy section */
		3A584A1C1B50102F00860FAB /* PBXContainerItemProxy */ = {
			isa = PBXContainerItemProxy;
			containerPortal = 3A5849711B500E7500860FAB /* Project object */;
			proxyType = 1;
			remoteGlobalIDString = 3A584A0F1B50102F00860FAB;
			remoteInfo = US2MapperKitOSX;
		};
		3A584E3F1B502AFD00860FAB /* PBXContainerItemProxy */ = {
			isa = PBXContainerItemProxy;
			containerPortal = 3A5849711B500E7500860FAB /* Project object */;
			proxyType = 1;
			remoteGlobalIDString = 3A584E321B502AFC00860FAB;
			remoteInfo = US2MapperKitiOS;
		};
/* End PBXContainerItemProxy section */

/* Begin PBXFileReference section */
		3A584A101B50102F00860FAB /* US2MapperKit.framework */ = {isa = PBXFileReference; explicitFileType = wrapper.framework; includeInIndex = 0; path = US2MapperKit.framework; sourceTree = BUILT_PRODUCTS_DIR; };
		3A584A131B50102F00860FAB /* Info.plist */ = {isa = PBXFileReference; lastKnownFileType = text.plist.xml; path = Info.plist; sourceTree = "<group>"; };
		3A584A141B50102F00860FAB /* US2MapperKitOSX.h */ = {isa = PBXFileReference; lastKnownFileType = sourcecode.c.h; path = US2MapperKitOSX.h; sourceTree = "<group>"; };
		3A584A1A1B50102F00860FAB /* US2MapperKitOSXTests.xctest */ = {isa = PBXFileReference; explicitFileType = wrapper.cfbundle; includeInIndex = 0; path = US2MapperKitOSXTests.xctest; sourceTree = BUILT_PRODUCTS_DIR; };
		3A584A201B50102F00860FAB /* Info.plist */ = {isa = PBXFileReference; lastKnownFileType = text.plist.xml; path = Info.plist; sourceTree = "<group>"; };
		3A584D921B501F7400860FAB /* _US2Mapper.swift */ = {isa = PBXFileReference; fileEncoding = 4; lastKnownFileType = sourcecode.swift; path = _US2Mapper.swift; sourceTree = "<group>"; };
		3A584D931B501F7400860FAB /* US2CompoundValueMapper.swift */ = {isa = PBXFileReference; fileEncoding = 4; lastKnownFileType = sourcecode.swift; path = US2CompoundValueMapper.swift; sourceTree = "<group>"; };
		3A584D9F1B501F7D00860FAB /* _TestObjectEight.swift */ = {isa = PBXFileReference; fileEncoding = 4; lastKnownFileType = sourcecode.swift; path = _TestObjectEight.swift; sourceTree = "<group>"; };
		3A584DA01B501F7D00860FAB /* _TestObjectEleven.swift */ = {isa = PBXFileReference; fileEncoding = 4; lastKnownFileType = sourcecode.swift; path = _TestObjectEleven.swift; sourceTree = "<group>"; };
		3A584DA11B501F7D00860FAB /* _TestObjectFive.swift */ = {isa = PBXFileReference; fileEncoding = 4; lastKnownFileType = sourcecode.swift; path = _TestObjectFive.swift; sourceTree = "<group>"; };
		3A584DA21B501F7D00860FAB /* _TestObjectFour.swift */ = {isa = PBXFileReference; fileEncoding = 4; lastKnownFileType = sourcecode.swift; path = _TestObjectFour.swift; sourceTree = "<group>"; };
		3A584DA31B501F7D00860FAB /* _TestObjectNine.swift */ = {isa = PBXFileReference; fileEncoding = 4; lastKnownFileType = sourcecode.swift; path = _TestObjectNine.swift; sourceTree = "<group>"; };
		3A584DA41B501F7D00860FAB /* _TestObjectOne.swift */ = {isa = PBXFileReference; fileEncoding = 4; lastKnownFileType = sourcecode.swift; path = _TestObjectOne.swift; sourceTree = "<group>"; };
		3A584DA51B501F7D00860FAB /* _TestObjectSeven.swift */ = {isa = PBXFileReference; fileEncoding = 4; lastKnownFileType = sourcecode.swift; path = _TestObjectSeven.swift; sourceTree = "<group>"; };
		3A584DA61B501F7D00860FAB /* _TestObjectSix.swift */ = {isa = PBXFileReference; fileEncoding = 4; lastKnownFileType = sourcecode.swift; path = _TestObjectSix.swift; sourceTree = "<group>"; };
		3A584DA71B501F7D00860FAB /* _TestObjectTen.swift */ = {isa = PBXFileReference; fileEncoding = 4; lastKnownFileType = sourcecode.swift; path = _TestObjectTen.swift; sourceTree = "<group>"; };
		3A584DA81B501F7D00860FAB /* _TestObjectThree.swift */ = {isa = PBXFileReference; fileEncoding = 4; lastKnownFileType = sourcecode.swift; path = _TestObjectThree.swift; sourceTree = "<group>"; };
		3A584DA91B501F7D00860FAB /* _TestObjectTwelve.swift */ = {isa = PBXFileReference; fileEncoding = 4; lastKnownFileType = sourcecode.swift; path = _TestObjectTwelve.swift; sourceTree = "<group>"; };
		3A584DAA1B501F7D00860FAB /* _TestObjectTwo.swift */ = {isa = PBXFileReference; fileEncoding = 4; lastKnownFileType = sourcecode.swift; path = _TestObjectTwo.swift; sourceTree = "<group>"; };
		3A584DAB1B501F7D00860FAB /* US2Mapper.swift */ = {isa = PBXFileReference; fileEncoding = 4; lastKnownFileType = sourcecode.swift; path = US2Mapper.swift; sourceTree = "<group>"; };
		3A584DAC1B501F7D00860FAB /* TestObjectEight.swift */ = {isa = PBXFileReference; fileEncoding = 4; lastKnownFileType = sourcecode.swift; path = TestObjectEight.swift; sourceTree = "<group>"; };
		3A584DAD1B501F7D00860FAB /* TestObjectEleven.swift */ = {isa = PBXFileReference; fileEncoding = 4; lastKnownFileType = sourcecode.swift; path = TestObjectEleven.swift; sourceTree = "<group>"; };
		3A584DAE1B501F7D00860FAB /* TestObjectFive.swift */ = {isa = PBXFileReference; fileEncoding = 4; lastKnownFileType = sourcecode.swift; path = TestObjectFive.swift; sourceTree = "<group>"; };
		3A584DAF1B501F7D00860FAB /* TestObjectFour.swift */ = {isa = PBXFileReference; fileEncoding = 4; lastKnownFileType = sourcecode.swift; path = TestObjectFour.swift; sourceTree = "<group>"; };
		3A584DB01B501F7D00860FAB /* TestObjectNine.swift */ = {isa = PBXFileReference; fileEncoding = 4; lastKnownFileType = sourcecode.swift; path = TestObjectNine.swift; sourceTree = "<group>"; };
		3A584DB11B501F7D00860FAB /* TestObjectOne.swift */ = {isa = PBXFileReference; fileEncoding = 4; lastKnownFileType = sourcecode.swift; path = TestObjectOne.swift; sourceTree = "<group>"; };
		3A584DB21B501F7D00860FAB /* TestObjectSeven.swift */ = {isa = PBXFileReference; fileEncoding = 4; lastKnownFileType = sourcecode.swift; path = TestObjectSeven.swift; sourceTree = "<group>"; };
		3A584DB31B501F7D00860FAB /* TestObjectSix.swift */ = {isa = PBXFileReference; fileEncoding = 4; lastKnownFileType = sourcecode.swift; path = TestObjectSix.swift; sourceTree = "<group>"; };
		3A584DB41B501F7D00860FAB /* TestObjectTen.swift */ = {isa = PBXFileReference; fileEncoding = 4; lastKnownFileType = sourcecode.swift; path = TestObjectTen.swift; sourceTree = "<group>"; };
		3A584DB51B501F7D00860FAB /* TestObjectThree.swift */ = {isa = PBXFileReference; fileEncoding = 4; lastKnownFileType = sourcecode.swift; path = TestObjectThree.swift; sourceTree = "<group>"; };
		3A584DB61B501F7D00860FAB /* TestObjectTwelve.swift */ = {isa = PBXFileReference; fileEncoding = 4; lastKnownFileType = sourcecode.swift; path = TestObjectTwelve.swift; sourceTree = "<group>"; };
		3A584DB71B501F7D00860FAB /* TestObjectTwo.swift */ = {isa = PBXFileReference; fileEncoding = 4; lastKnownFileType = sourcecode.swift; path = TestObjectTwo.swift; sourceTree = "<group>"; };
		3A584DB91B501F7D00860FAB /* TestObjectEight.plist */ = {isa = PBXFileReference; fileEncoding = 4; lastKnownFileType = text.plist.xml; path = TestObjectEight.plist; sourceTree = "<group>"; };
		3A584DBA1B501F7D00860FAB /* TestObjectEleven.plist */ = {isa = PBXFileReference; fileEncoding = 4; lastKnownFileType = text.plist.xml; path = TestObjectEleven.plist; sourceTree = "<group>"; };
		3A584DBB1B501F7D00860FAB /* TestObjectFive.plist */ = {isa = PBXFileReference; fileEncoding = 4; lastKnownFileType = text.plist.xml; path = TestObjectFive.plist; sourceTree = "<group>"; };
		3A584DBC1B501F7D00860FAB /* TestObjectFour.plist */ = {isa = PBXFileReference; fileEncoding = 4; lastKnownFileType = text.plist.xml; path = TestObjectFour.plist; sourceTree = "<group>"; };
		3A584DBD1B501F7D00860FAB /* TestObjectNine.plist */ = {isa = PBXFileReference; fileEncoding = 4; lastKnownFileType = text.plist.xml; path = TestObjectNine.plist; sourceTree = "<group>"; };
		3A584DBE1B501F7D00860FAB /* TestObjectSeven.plist */ = {isa = PBXFileReference; fileEncoding = 4; lastKnownFileType = text.plist.xml; path = TestObjectSeven.plist; sourceTree = "<group>"; };
		3A584DBF1B501F7D00860FAB /* TestObjectSix.plist */ = {isa = PBXFileReference; fileEncoding = 4; lastKnownFileType = text.plist.xml; path = TestObjectSix.plist; sourceTree = "<group>"; };
		3A584DC01B501F7D00860FAB /* TestObjectTen.plist */ = {isa = PBXFileReference; fileEncoding = 4; lastKnownFileType = text.plist.xml; path = TestObjectTen.plist; sourceTree = "<group>"; };
		3A584DC11B501F7D00860FAB /* TestObjectThree.plist */ = {isa = PBXFileReference; fileEncoding = 4; lastKnownFileType = text.plist.xml; path = TestObjectThree.plist; sourceTree = "<group>"; };
		3A584DC21B501F7D00860FAB /* TestObjectTwelve.plist */ = {isa = PBXFileReference; fileEncoding = 4; lastKnownFileType = text.plist.xml; path = TestObjectTwelve.plist; sourceTree = "<group>"; };
		3A584DC31B501F7D00860FAB /* TestObjectTwo.plist */ = {isa = PBXFileReference; fileEncoding = 4; lastKnownFileType = text.plist.xml; path = TestObjectTwo.plist; sourceTree = "<group>"; };
		3A584DC41B501F7D00860FAB /* US2MapperCoreTests.swift */ = {isa = PBXFileReference; fileEncoding = 4; lastKnownFileType = sourcecode.swift; path = US2MapperCoreTests.swift; sourceTree = "<group>"; };
		3A584DC51B501F7D00860FAB /* US2MapperScenarioTests.swift */ = {isa = PBXFileReference; fileEncoding = 4; lastKnownFileType = sourcecode.swift; path = US2MapperScenarioTests.swift; sourceTree = "<group>"; };
		3A584E2B1B5025B000860FAB /* ModelScript */ = {isa = PBXFileReference; lastKnownFileType = folder; name = ModelScript; path = ../ModelScript; sourceTree = "<group>"; };
		3A584E331B502AFC00860FAB /* US2MapperKit.framework */ = {isa = PBXFileReference; explicitFileType = wrapper.framework; includeInIndex = 0; path = US2MapperKit.framework; sourceTree = BUILT_PRODUCTS_DIR; };
		3A584E361B502AFC00860FAB /* Info.plist */ = {isa = PBXFileReference; lastKnownFileType = text.plist.xml; path = Info.plist; sourceTree = "<group>"; };
		3A584E371B502AFC00860FAB /* US2MapperKitiOS.h */ = {isa = PBXFileReference; lastKnownFileType = sourcecode.c.h; path = US2MapperKitiOS.h; sourceTree = "<group>"; };
		3A584E3D1B502AFD00860FAB /* US2MapperKitiOSTests.xctest */ = {isa = PBXFileReference; explicitFileType = wrapper.cfbundle; includeInIndex = 0; path = US2MapperKitiOSTests.xctest; sourceTree = BUILT_PRODUCTS_DIR; };
		3A584E431B502AFD00860FAB /* Info.plist */ = {isa = PBXFileReference; lastKnownFileType = text.plist.xml; path = Info.plist; sourceTree = "<group>"; };
		3A584E7A1B502BD400860FAB /* _TestObjectEight.swift */ = {isa = PBXFileReference; fileEncoding = 4; lastKnownFileType = sourcecode.swift; path = _TestObjectEight.swift; sourceTree = "<group>"; };
		3A584E7B1B502BD400860FAB /* _TestObjectEleven.swift */ = {isa = PBXFileReference; fileEncoding = 4; lastKnownFileType = sourcecode.swift; path = _TestObjectEleven.swift; sourceTree = "<group>"; };
		3A584E7C1B502BD400860FAB /* _TestObjectFive.swift */ = {isa = PBXFileReference; fileEncoding = 4; lastKnownFileType = sourcecode.swift; path = _TestObjectFive.swift; sourceTree = "<group>"; };
		3A584E7D1B502BD400860FAB /* _TestObjectFour.swift */ = {isa = PBXFileReference; fileEncoding = 4; lastKnownFileType = sourcecode.swift; path = _TestObjectFour.swift; sourceTree = "<group>"; };
		3A584E7E1B502BD400860FAB /* _TestObjectNine.swift */ = {isa = PBXFileReference; fileEncoding = 4; lastKnownFileType = sourcecode.swift; path = _TestObjectNine.swift; sourceTree = "<group>"; };
		3A584E7F1B502BD400860FAB /* _TestObjectOne.swift */ = {isa = PBXFileReference; fileEncoding = 4; lastKnownFileType = sourcecode.swift; path = _TestObjectOne.swift; sourceTree = "<group>"; };
		3A584E801B502BD400860FAB /* _TestObjectSeven.swift */ = {isa = PBXFileReference; fileEncoding = 4; lastKnownFileType = sourcecode.swift; path = _TestObjectSeven.swift; sourceTree = "<group>"; };
		3A584E811B502BD400860FAB /* _TestObjectSix.swift */ = {isa = PBXFileReference; fileEncoding = 4; lastKnownFileType = sourcecode.swift; path = _TestObjectSix.swift; sourceTree = "<group>"; };
		3A584E821B502BD400860FAB /* _TestObjectTen.swift */ = {isa = PBXFileReference; fileEncoding = 4; lastKnownFileType = sourcecode.swift; path = _TestObjectTen.swift; sourceTree = "<group>"; };
		3A584E831B502BD400860FAB /* _TestObjectThree.swift */ = {isa = PBXFileReference; fileEncoding = 4; lastKnownFileType = sourcecode.swift; path = _TestObjectThree.swift; sourceTree = "<group>"; };
		3A584E841B502BD400860FAB /* _TestObjectTwelve.swift */ = {isa = PBXFileReference; fileEncoding = 4; lastKnownFileType = sourcecode.swift; path = _TestObjectTwelve.swift; sourceTree = "<group>"; };
		3A584E851B502BD400860FAB /* _TestObjectTwo.swift */ = {isa = PBXFileReference; fileEncoding = 4; lastKnownFileType = sourcecode.swift; path = _TestObjectTwo.swift; sourceTree = "<group>"; };
		3A584E861B502BD400860FAB /* US2Mapper.swift */ = {isa = PBXFileReference; fileEncoding = 4; lastKnownFileType = sourcecode.swift; path = US2Mapper.swift; sourceTree = "<group>"; };
		3A584E871B502BD400860FAB /* TestObjectEight.swift */ = {isa = PBXFileReference; fileEncoding = 4; lastKnownFileType = sourcecode.swift; path = TestObjectEight.swift; sourceTree = "<group>"; };
		3A584E881B502BD400860FAB /* TestObjectEleven.swift */ = {isa = PBXFileReference; fileEncoding = 4; lastKnownFileType = sourcecode.swift; path = TestObjectEleven.swift; sourceTree = "<group>"; };
		3A584E891B502BD400860FAB /* TestObjectFive.swift */ = {isa = PBXFileReference; fileEncoding = 4; lastKnownFileType = sourcecode.swift; path = TestObjectFive.swift; sourceTree = "<group>"; };
		3A584E8A1B502BD400860FAB /* TestObjectFour.swift */ = {isa = PBXFileReference; fileEncoding = 4; lastKnownFileType = sourcecode.swift; path = TestObjectFour.swift; sourceTree = "<group>"; };
		3A584E8B1B502BD400860FAB /* TestObjectNine.swift */ = {isa = PBXFileReference; fileEncoding = 4; lastKnownFileType = sourcecode.swift; path = TestObjectNine.swift; sourceTree = "<group>"; };
		3A584E8C1B502BD400860FAB /* TestObjectOne.swift */ = {isa = PBXFileReference; fileEncoding = 4; lastKnownFileType = sourcecode.swift; path = TestObjectOne.swift; sourceTree = "<group>"; };
		3A584E8D1B502BD400860FAB /* TestObjectSeven.swift */ = {isa = PBXFileReference; fileEncoding = 4; lastKnownFileType = sourcecode.swift; path = TestObjectSeven.swift; sourceTree = "<group>"; };
		3A584E8E1B502BD400860FAB /* TestObjectSix.swift */ = {isa = PBXFileReference; fileEncoding = 4; lastKnownFileType = sourcecode.swift; path = TestObjectSix.swift; sourceTree = "<group>"; };
		3A584E8F1B502BD400860FAB /* TestObjectTen.swift */ = {isa = PBXFileReference; fileEncoding = 4; lastKnownFileType = sourcecode.swift; path = TestObjectTen.swift; sourceTree = "<group>"; };
		3A584E901B502BD400860FAB /* TestObjectThree.swift */ = {isa = PBXFileReference; fileEncoding = 4; lastKnownFileType = sourcecode.swift; path = TestObjectThree.swift; sourceTree = "<group>"; };
		3A584E911B502BD400860FAB /* TestObjectTwelve.swift */ = {isa = PBXFileReference; fileEncoding = 4; lastKnownFileType = sourcecode.swift; path = TestObjectTwelve.swift; sourceTree = "<group>"; };
		3A584E921B502BD400860FAB /* TestObjectTwo.swift */ = {isa = PBXFileReference; fileEncoding = 4; lastKnownFileType = sourcecode.swift; path = TestObjectTwo.swift; sourceTree = "<group>"; };
		3A584E941B502BD400860FAB /* TestObjectEight.plist */ = {isa = PBXFileReference; fileEncoding = 4; lastKnownFileType = text.plist.xml; path = TestObjectEight.plist; sourceTree = "<group>"; };
		3A584E951B502BD400860FAB /* TestObjectEleven.plist */ = {isa = PBXFileReference; fileEncoding = 4; lastKnownFileType = text.plist.xml; path = TestObjectEleven.plist; sourceTree = "<group>"; };
		3A584E961B502BD400860FAB /* TestObjectFive.plist */ = {isa = PBXFileReference; fileEncoding = 4; lastKnownFileType = text.plist.xml; path = TestObjectFive.plist; sourceTree = "<group>"; };
		3A584E971B502BD400860FAB /* TestObjectFour.plist */ = {isa = PBXFileReference; fileEncoding = 4; lastKnownFileType = text.plist.xml; path = TestObjectFour.plist; sourceTree = "<group>"; };
		3A584E981B502BD400860FAB /* TestObjectNine.plist */ = {isa = PBXFileReference; fileEncoding = 4; lastKnownFileType = text.plist.xml; path = TestObjectNine.plist; sourceTree = "<group>"; };
		3A584E991B502BD400860FAB /* TestObjectSeven.plist */ = {isa = PBXFileReference; fileEncoding = 4; lastKnownFileType = text.plist.xml; path = TestObjectSeven.plist; sourceTree = "<group>"; };
		3A584E9A1B502BD400860FAB /* TestObjectSix.plist */ = {isa = PBXFileReference; fileEncoding = 4; lastKnownFileType = text.plist.xml; path = TestObjectSix.plist; sourceTree = "<group>"; };
		3A584E9B1B502BD400860FAB /* TestObjectTen.plist */ = {isa = PBXFileReference; fileEncoding = 4; lastKnownFileType = text.plist.xml; path = TestObjectTen.plist; sourceTree = "<group>"; };
		3A584E9C1B502BD400860FAB /* TestObjectThree.plist */ = {isa = PBXFileReference; fileEncoding = 4; lastKnownFileType = text.plist.xml; path = TestObjectThree.plist; sourceTree = "<group>"; };
		3A584E9D1B502BD400860FAB /* TestObjectTwelve.plist */ = {isa = PBXFileReference; fileEncoding = 4; lastKnownFileType = text.plist.xml; path = TestObjectTwelve.plist; sourceTree = "<group>"; };
		3A584E9E1B502BD400860FAB /* TestObjectTwo.plist */ = {isa = PBXFileReference; fileEncoding = 4; lastKnownFileType = text.plist.xml; path = TestObjectTwo.plist; sourceTree = "<group>"; };
		3A584E9F1B502BD400860FAB /* US2MapperCoreTests.swift */ = {isa = PBXFileReference; fileEncoding = 4; lastKnownFileType = sourcecode.swift; path = US2MapperCoreTests.swift; sourceTree = "<group>"; };
		3A584EA01B502BD400860FAB /* US2MapperScenarioTests.swift */ = {isa = PBXFileReference; fileEncoding = 4; lastKnownFileType = sourcecode.swift; path = US2MapperScenarioTests.swift; sourceTree = "<group>"; };
/* End PBXFileReference section */

/* Begin PBXFrameworksBuildPhase section */
		3A584A0C1B50102F00860FAB /* Frameworks */ = {
			isa = PBXFrameworksBuildPhase;
			buildActionMask = 2147483647;
			files = (
			);
			runOnlyForDeploymentPostprocessing = 0;
		};
		3A584A171B50102F00860FAB /* Frameworks */ = {
			isa = PBXFrameworksBuildPhase;
			buildActionMask = 2147483647;
			files = (
				3A584EC71B502C5600860FAB /* US2MapperKit.framework in Frameworks */,
			);
			runOnlyForDeploymentPostprocessing = 0;
		};
		3A584E2F1B502AFC00860FAB /* Frameworks */ = {
			isa = PBXFrameworksBuildPhase;
			buildActionMask = 2147483647;
			files = (
			);
			runOnlyForDeploymentPostprocessing = 0;
		};
		3A584E3A1B502AFD00860FAB /* Frameworks */ = {
			isa = PBXFrameworksBuildPhase;
			buildActionMask = 2147483647;
			files = (
				3A584E3E1B502AFD00860FAB /* US2MapperKit.framework in Frameworks */,
			);
			runOnlyForDeploymentPostprocessing = 0;
		};
/* End PBXFrameworksBuildPhase section */

/* Begin PBXGroup section */
		3A5849701B500E7500860FAB = {
			isa = PBXGroup;
			children = (
				3A584E2B1B5025B000860FAB /* ModelScript */,
				3A584D9C1B501F7D00860FAB /* Shared Test Cases */,
				3A584D911B501F7400860FAB /* Shared Source */,
				3A584A111B50102F00860FAB /* US2MapperKitOSX */,
				3A584A1E1B50102F00860FAB /* US2MapperKitOSXTests */,
				3A584E341B502AFC00860FAB /* US2MapperKitiOS */,
				3A584E411B502AFD00860FAB /* US2MapperKitiOSTests */,
				3A58497B1B500E7500860FAB /* Products */,
			);
			sourceTree = "<group>";
		};
		3A58497B1B500E7500860FAB /* Products */ = {
			isa = PBXGroup;
			children = (
				3A584A101B50102F00860FAB /* US2MapperKit.framework */,
				3A584A1A1B50102F00860FAB /* US2MapperKitOSXTests.xctest */,
				3A584E331B502AFC00860FAB /* US2MapperKit.framework */,
				3A584E3D1B502AFD00860FAB /* US2MapperKitiOSTests.xctest */,
			);
			name = Products;
			sourceTree = "<group>";
		};
		3A584A111B50102F00860FAB /* US2MapperKitOSX */ = {
			isa = PBXGroup;
			children = (
				3A584A141B50102F00860FAB /* US2MapperKitOSX.h */,
				3A584A121B50102F00860FAB /* Supporting Files */,
			);
			path = US2MapperKitOSX;
			sourceTree = "<group>";
		};
		3A584A121B50102F00860FAB /* Supporting Files */ = {
			isa = PBXGroup;
			children = (
				3A584A131B50102F00860FAB /* Info.plist */,
			);
			name = "Supporting Files";
			sourceTree = "<group>";
		};
		3A584A1E1B50102F00860FAB /* US2MapperKitOSXTests */ = {
			isa = PBXGroup;
			children = (
				3A584A1F1B50102F00860FAB /* Supporting Files */,
			);
			path = US2MapperKitOSXTests;
			sourceTree = "<group>";
		};
		3A584A1F1B50102F00860FAB /* Supporting Files */ = {
			isa = PBXGroup;
			children = (
				3A584A201B50102F00860FAB /* Info.plist */,
			);
			name = "Supporting Files";
			sourceTree = "<group>";
		};
		3A584D911B501F7400860FAB /* Shared Source */ = {
			isa = PBXGroup;
			children = (
				3A584D921B501F7400860FAB /* _US2Mapper.swift */,
				3A584D931B501F7400860FAB /* US2CompoundValueMapper.swift */,
			);
			name = "Shared Source";
			path = "../Shared Source";
			sourceTree = "<group>";
		};
		3A584D9C1B501F7D00860FAB /* Shared Test Cases */ = {
			isa = PBXGroup;
			children = (
				3A584D9D1B501F7D00860FAB /* Classes */,
				3A584DB81B501F7D00860FAB /* Mapping */,
				3A584DC41B501F7D00860FAB /* US2MapperCoreTests.swift */,
				3A584DC51B501F7D00860FAB /* US2MapperScenarioTests.swift */,
			);
			name = "Shared Test Cases";
			path = "../Shared Test Cases";
			sourceTree = "<group>";
		};
		3A584D9D1B501F7D00860FAB /* Classes */ = {
			isa = PBXGroup;
			children = (
				3A584D9E1B501F7D00860FAB /* Internal */,
				3A584DAC1B501F7D00860FAB /* TestObjectEight.swift */,
				3A584DAD1B501F7D00860FAB /* TestObjectEleven.swift */,
				3A584DAE1B501F7D00860FAB /* TestObjectFive.swift */,
				3A584DAF1B501F7D00860FAB /* TestObjectFour.swift */,
				3A584DB01B501F7D00860FAB /* TestObjectNine.swift */,
				3A584DB11B501F7D00860FAB /* TestObjectOne.swift */,
				3A584DB21B501F7D00860FAB /* TestObjectSeven.swift */,
				3A584DB31B501F7D00860FAB /* TestObjectSix.swift */,
				3A584DB41B501F7D00860FAB /* TestObjectTen.swift */,
				3A584DB51B501F7D00860FAB /* TestObjectThree.swift */,
				3A584DB61B501F7D00860FAB /* TestObjectTwelve.swift */,
				3A584DB71B501F7D00860FAB /* TestObjectTwo.swift */,
			);
			path = Classes;
			sourceTree = "<group>";
		};
		3A584D9E1B501F7D00860FAB /* Internal */ = {
			isa = PBXGroup;
			children = (
				3A584D9F1B501F7D00860FAB /* _TestObjectEight.swift */,
				3A584DA01B501F7D00860FAB /* _TestObjectEleven.swift */,
				3A584DA11B501F7D00860FAB /* _TestObjectFive.swift */,
				3A584DA21B501F7D00860FAB /* _TestObjectFour.swift */,
				3A584DA31B501F7D00860FAB /* _TestObjectNine.swift */,
				3A584DA41B501F7D00860FAB /* _TestObjectOne.swift */,
				3A584DA51B501F7D00860FAB /* _TestObjectSeven.swift */,
				3A584DA61B501F7D00860FAB /* _TestObjectSix.swift */,
				3A584DA71B501F7D00860FAB /* _TestObjectTen.swift */,
				3A584DA81B501F7D00860FAB /* _TestObjectThree.swift */,
				3A584DA91B501F7D00860FAB /* _TestObjectTwelve.swift */,
				3A584DAA1B501F7D00860FAB /* _TestObjectTwo.swift */,
				3A584DAB1B501F7D00860FAB /* US2Mapper.swift */,
			);
			path = Internal;
			sourceTree = "<group>";
		};
		3A584DB81B501F7D00860FAB /* Mapping */ = {
			isa = PBXGroup;
			children = (
				3A584DB91B501F7D00860FAB /* TestObjectEight.plist */,
				3A584DBA1B501F7D00860FAB /* TestObjectEleven.plist */,
				3A584DBB1B501F7D00860FAB /* TestObjectFive.plist */,
				3A584DBC1B501F7D00860FAB /* TestObjectFour.plist */,
				3A584DBD1B501F7D00860FAB /* TestObjectNine.plist */,
				3A584DBE1B501F7D00860FAB /* TestObjectSeven.plist */,
				3A584DBF1B501F7D00860FAB /* TestObjectSix.plist */,
				3A584DC01B501F7D00860FAB /* TestObjectTen.plist */,
				3A584DC11B501F7D00860FAB /* TestObjectThree.plist */,
				3A584DC21B501F7D00860FAB /* TestObjectTwelve.plist */,
				3A584DC31B501F7D00860FAB /* TestObjectTwo.plist */,
			);
			path = Mapping;
			sourceTree = "<group>";
		};
		3A584E341B502AFC00860FAB /* US2MapperKitiOS */ = {
			isa = PBXGroup;
			children = (
				3A584E371B502AFC00860FAB /* US2MapperKitiOS.h */,
				3A584E351B502AFC00860FAB /* Supporting Files */,
			);
			path = US2MapperKitiOS;
			sourceTree = "<group>";
		};
		3A584E351B502AFC00860FAB /* Supporting Files */ = {
			isa = PBXGroup;
			children = (
				3A584E361B502AFC00860FAB /* Info.plist */,
			);
			name = "Supporting Files";
			sourceTree = "<group>";
		};
		3A584E411B502AFD00860FAB /* US2MapperKitiOSTests */ = {
			isa = PBXGroup;
			children = (
				3A584E771B502BD400860FAB /* Shared Test Cases */,
				3A584E421B502AFD00860FAB /* Supporting Files */,
			);
			path = US2MapperKitiOSTests;
			sourceTree = "<group>";
		};
		3A584E421B502AFD00860FAB /* Supporting Files */ = {
			isa = PBXGroup;
			children = (
				3A584E431B502AFD00860FAB /* Info.plist */,
			);
			name = "Supporting Files";
			sourceTree = "<group>";
		};
		3A584E771B502BD400860FAB /* Shared Test Cases */ = {
			isa = PBXGroup;
			children = (
				3A584E781B502BD400860FAB /* Classes */,
				3A584E931B502BD400860FAB /* Mapping */,
				3A584E9F1B502BD400860FAB /* US2MapperCoreTests.swift */,
				3A584EA01B502BD400860FAB /* US2MapperScenarioTests.swift */,
			);
			name = "Shared Test Cases";
			path = "../../Shared Test Cases";
			sourceTree = "<group>";
		};
		3A584E781B502BD400860FAB /* Classes */ = {
			isa = PBXGroup;
			children = (
				3A584E791B502BD400860FAB /* Internal */,
				3A584E871B502BD400860FAB /* TestObjectEight.swift */,
				3A584E881B502BD400860FAB /* TestObjectEleven.swift */,
				3A584E891B502BD400860FAB /* TestObjectFive.swift */,
				3A584E8A1B502BD400860FAB /* TestObjectFour.swift */,
				3A584E8B1B502BD400860FAB /* TestObjectNine.swift */,
				3A584E8C1B502BD400860FAB /* TestObjectOne.swift */,
				3A584E8D1B502BD400860FAB /* TestObjectSeven.swift */,
				3A584E8E1B502BD400860FAB /* TestObjectSix.swift */,
				3A584E8F1B502BD400860FAB /* TestObjectTen.swift */,
				3A584E901B502BD400860FAB /* TestObjectThree.swift */,
				3A584E911B502BD400860FAB /* TestObjectTwelve.swift */,
				3A584E921B502BD400860FAB /* TestObjectTwo.swift */,
			);
			path = Classes;
			sourceTree = "<group>";
		};
		3A584E791B502BD400860FAB /* Internal */ = {
			isa = PBXGroup;
			children = (
				3A584E7A1B502BD400860FAB /* _TestObjectEight.swift */,
				3A584E7B1B502BD400860FAB /* _TestObjectEleven.swift */,
				3A584E7C1B502BD400860FAB /* _TestObjectFive.swift */,
				3A584E7D1B502BD400860FAB /* _TestObjectFour.swift */,
				3A584E7E1B502BD400860FAB /* _TestObjectNine.swift */,
				3A584E7F1B502BD400860FAB /* _TestObjectOne.swift */,
				3A584E801B502BD400860FAB /* _TestObjectSeven.swift */,
				3A584E811B502BD400860FAB /* _TestObjectSix.swift */,
				3A584E821B502BD400860FAB /* _TestObjectTen.swift */,
				3A584E831B502BD400860FAB /* _TestObjectThree.swift */,
				3A584E841B502BD400860FAB /* _TestObjectTwelve.swift */,
				3A584E851B502BD400860FAB /* _TestObjectTwo.swift */,
				3A584E861B502BD400860FAB /* US2Mapper.swift */,
			);
			path = Internal;
			sourceTree = "<group>";
		};
		3A584E931B502BD400860FAB /* Mapping */ = {
			isa = PBXGroup;
			children = (
				3A584E941B502BD400860FAB /* TestObjectEight.plist */,
				3A584E951B502BD400860FAB /* TestObjectEleven.plist */,
				3A584E961B502BD400860FAB /* TestObjectFive.plist */,
				3A584E971B502BD400860FAB /* TestObjectFour.plist */,
				3A584E981B502BD400860FAB /* TestObjectNine.plist */,
				3A584E991B502BD400860FAB /* TestObjectSeven.plist */,
				3A584E9A1B502BD400860FAB /* TestObjectSix.plist */,
				3A584E9B1B502BD400860FAB /* TestObjectTen.plist */,
				3A584E9C1B502BD400860FAB /* TestObjectThree.plist */,
				3A584E9D1B502BD400860FAB /* TestObjectTwelve.plist */,
				3A584E9E1B502BD400860FAB /* TestObjectTwo.plist */,
			);
			path = Mapping;
			sourceTree = "<group>";
		};
/* End PBXGroup section */

/* Begin PBXHeadersBuildPhase section */
		3A584A0D1B50102F00860FAB /* Headers */ = {
			isa = PBXHeadersBuildPhase;
			buildActionMask = 2147483647;
			files = (
				3A584A151B50102F00860FAB /* US2MapperKitOSX.h in Headers */,
			);
			runOnlyForDeploymentPostprocessing = 0;
		};
		3A584E301B502AFC00860FAB /* Headers */ = {
			isa = PBXHeadersBuildPhase;
			buildActionMask = 2147483647;
			files = (
				3A584E381B502AFC00860FAB /* US2MapperKitiOS.h in Headers */,
			);
			runOnlyForDeploymentPostprocessing = 0;
		};
/* End PBXHeadersBuildPhase section */

/* Begin PBXNativeTarget section */
		3A584A0F1B50102F00860FAB /* US2MapperKitOSX */ = {
			isa = PBXNativeTarget;
			buildConfigurationList = 3A584A231B50102F00860FAB /* Build configuration list for PBXNativeTarget "US2MapperKitOSX" */;
			buildPhases = (
				3A584A0B1B50102F00860FAB /* Sources */,
				3A584A0C1B50102F00860FAB /* Frameworks */,
				3A584A0D1B50102F00860FAB /* Headers */,
				3A584A0E1B50102F00860FAB /* Resources */,
			);
			buildRules = (
			);
			dependencies = (
			);
			name = US2MapperKitOSX;
			productName = US2MapperKitOSX;
			productReference = 3A584A101B50102F00860FAB /* US2MapperKit.framework */;
			productType = "com.apple.product-type.framework";
		};
		3A584A191B50102F00860FAB /* US2MapperKitOSXTests */ = {
			isa = PBXNativeTarget;
			buildConfigurationList = 3A584A261B50102F00860FAB /* Build configuration list for PBXNativeTarget "US2MapperKitOSXTests" */;
			buildPhases = (
				3A584B141B50135B00860FAB /* Rebuild Model */,
				3A584A161B50102F00860FAB /* Sources */,
				3A584A171B50102F00860FAB /* Frameworks */,
				3A584A181B50102F00860FAB /* Resources */,
			);
			buildRules = (
			);
			dependencies = (
				3A584A1D1B50102F00860FAB /* PBXTargetDependency */,
			);
			name = US2MapperKitOSXTests;
			productName = US2MapperKitOSXTests;
			productReference = 3A584A1A1B50102F00860FAB /* US2MapperKitOSXTests.xctest */;
			productType = "com.apple.product-type.bundle.unit-test";
		};
		3A584E321B502AFC00860FAB /* US2MapperKitiOS */ = {
			isa = PBXNativeTarget;
			buildConfigurationList = 3A584E461B502AFD00860FAB /* Build configuration list for PBXNativeTarget "US2MapperKitiOS" */;
			buildPhases = (
				3A584E2E1B502AFC00860FAB /* Sources */,
				3A584E2F1B502AFC00860FAB /* Frameworks */,
				3A584E301B502AFC00860FAB /* Headers */,
				3A584E311B502AFC00860FAB /* Resources */,
			);
			buildRules = (
			);
			dependencies = (
			);
			name = US2MapperKitiOS;
			productName = US2MapperKitiOS;
			productReference = 3A584E331B502AFC00860FAB /* US2MapperKit.framework */;
			productType = "com.apple.product-type.framework";
		};
		3A584E3C1B502AFD00860FAB /* US2MapperKitiOSTests */ = {
			isa = PBXNativeTarget;
			buildConfigurationList = 3A584E491B502AFD00860FAB /* Build configuration list for PBXNativeTarget "US2MapperKitiOSTests" */;
			buildPhases = (
				3A584E391B502AFD00860FAB /* Sources */,
				3A584E3A1B502AFD00860FAB /* Frameworks */,
				3A584E3B1B502AFD00860FAB /* Resources */,
			);
			buildRules = (
			);
			dependencies = (
				3A584E401B502AFD00860FAB /* PBXTargetDependency */,
			);
			name = US2MapperKitiOSTests;
			productName = US2MapperKitiOSTests;
			productReference = 3A584E3D1B502AFD00860FAB /* US2MapperKitiOSTests.xctest */;
			productType = "com.apple.product-type.bundle.unit-test";
		};
/* End PBXNativeTarget section */

/* Begin PBXProject section */
		3A5849711B500E7500860FAB /* Project object */ = {
			isa = PBXProject;
			attributes = {
				LastUpgradeCheck = 0640;
				ORGANIZATIONNAME = ustwo;
				TargetAttributes = {
					3A584A0F1B50102F00860FAB = {
						CreatedOnToolsVersion = 6.4;
					};
					3A584A191B50102F00860FAB = {
						CreatedOnToolsVersion = 6.4;
					};
					3A584E321B502AFC00860FAB = {
						CreatedOnToolsVersion = 6.4;
					};
					3A584E3C1B502AFD00860FAB = {
						CreatedOnToolsVersion = 6.4;
					};
				};
			};
			buildConfigurationList = 3A5849741B500E7500860FAB /* Build configuration list for PBXProject "US2MapperKit" */;
			compatibilityVersion = "Xcode 3.2";
			developmentRegion = English;
			hasScannedForEncodings = 0;
			knownRegions = (
				en,
			);
			mainGroup = 3A5849701B500E7500860FAB;
			productRefGroup = 3A58497B1B500E7500860FAB /* Products */;
			projectDirPath = "";
			projectRoot = "";
			targets = (
				3A584A0F1B50102F00860FAB /* US2MapperKitOSX */,
				3A584A191B50102F00860FAB /* US2MapperKitOSXTests */,
				3A584E321B502AFC00860FAB /* US2MapperKitiOS */,
				3A584E3C1B502AFD00860FAB /* US2MapperKitiOSTests */,
			);
		};
/* End PBXProject section */

/* Begin PBXResourcesBuildPhase section */
		3A584A0E1B50102F00860FAB /* Resources */ = {
			isa = PBXResourcesBuildPhase;
			buildActionMask = 2147483647;
			files = (
				3A584E2D1B5025B000860FAB /* ModelScript in Resources */,
			);
			runOnlyForDeploymentPostprocessing = 0;
		};
		3A584A181B50102F00860FAB /* Resources */ = {
			isa = PBXResourcesBuildPhase;
			buildActionMask = 2147483647;
			files = (
				3A584DFB1B501F7D00860FAB /* TestObjectEleven.plist in Resources */,
				3A584E031B501F7D00860FAB /* TestObjectSeven.plist in Resources */,
				3A584E0D1B501F7D00860FAB /* TestObjectTwo.plist in Resources */,
				3A584DFF1B501F7D00860FAB /* TestObjectFour.plist in Resources */,
				3A584E071B501F7D00860FAB /* TestObjectTen.plist in Resources */,
				3A584E011B501F7D00860FAB /* TestObjectNine.plist in Resources */,
				3A584E091B501F7D00860FAB /* TestObjectThree.plist in Resources */,
				3A584DFD1B501F7D00860FAB /* TestObjectFive.plist in Resources */,
				3A584E051B501F7D00860FAB /* TestObjectSix.plist in Resources */,
				3A584E0B1B501F7D00860FAB /* TestObjectTwelve.plist in Resources */,
				3A584DF91B501F7D00860FAB /* TestObjectEight.plist in Resources */,
			);
			runOnlyForDeploymentPostprocessing = 0;
		};
		3A584E311B502AFC00860FAB /* Resources */ = {
			isa = PBXResourcesBuildPhase;
			buildActionMask = 2147483647;
			files = (
				3A584E4E1B502B4500860FAB /* ModelScript in Resources */,
			);
			runOnlyForDeploymentPostprocessing = 0;
		};
		3A584E3B1B502AFD00860FAB /* Resources */ = {
			isa = PBXResourcesBuildPhase;
			buildActionMask = 2147483647;
			files = (
				3A584EBB1B502BD400860FAB /* TestObjectEleven.plist in Resources */,
				3A584EBF1B502BD400860FAB /* TestObjectSeven.plist in Resources */,
				3A584EC41B502BD400860FAB /* TestObjectTwo.plist in Resources */,
				3A584EBD1B502BD400860FAB /* TestObjectFour.plist in Resources */,
				3A584EC11B502BD400860FAB /* TestObjectTen.plist in Resources */,
				3A584EBE1B502BD400860FAB /* TestObjectNine.plist in Resources */,
				3A584EC21B502BD400860FAB /* TestObjectThree.plist in Resources */,
				3A584EBC1B502BD400860FAB /* TestObjectFive.plist in Resources */,
				3A584EC01B502BD400860FAB /* TestObjectSix.plist in Resources */,
				3A584EC31B502BD400860FAB /* TestObjectTwelve.plist in Resources */,
				3A584EBA1B502BD400860FAB /* TestObjectEight.plist in Resources */,
			);
			runOnlyForDeploymentPostprocessing = 0;
		};
/* End PBXResourcesBuildPhase section */

/* Begin PBXShellScriptBuildPhase section */
		3A584B141B50135B00860FAB /* Rebuild Model */ = {
			isa = PBXShellScriptBuildPhase;
			buildActionMask = 2147483647;
			files = (
			);
			inputPaths = (
			);
			name = "Rebuild Model";
			outputPaths = (
			);
			runOnlyForDeploymentPostprocessing = 0;
			shellPath = /bin/sh;
			shellScript = "python $PROJECT_DIR/../ModelScript/modelgen-swift.py -i $PROJECT_DIR/../Shared\\ Test\\ Cases/Mapping/ -o $PROJECT_DIR/../Shared\\ Test\\ Cases/Classes/";
		};
/* End PBXShellScriptBuildPhase section */

/* Begin PBXSourcesBuildPhase section */
		3A584A0B1B50102F00860FAB /* Sources */ = {
			isa = PBXSourcesBuildPhase;
			buildActionMask = 2147483647;
			files = (
				3A584D9A1B501F7400860FAB /* US2CompoundValueMapper.swift in Sources */,
				3A584D961B501F7400860FAB /* _US2Mapper.swift in Sources */,
			);
			runOnlyForDeploymentPostprocessing = 0;
		};
		3A584A161B50102F00860FAB /* Sources */ = {
			isa = PBXSourcesBuildPhase;
			buildActionMask = 2147483647;
			files = (
				3A584DEB1B501F7D00860FAB /* TestObjectOne.swift in Sources */,
				3A584DE51B501F7D00860FAB /* TestObjectFive.swift in Sources */,
				3A584DCF1B501F7D00860FAB /* _TestObjectNine.swift in Sources */,
				3A584E141B501FC700860FAB /* _US2Mapper.swift in Sources */,
				3A584DCD1B501F7D00860FAB /* _TestObjectFour.swift in Sources */,
				3A584DCB1B501F7D00860FAB /* _TestObjectFive.swift in Sources */,
				3A584DD51B501F7D00860FAB /* _TestObjectSix.swift in Sources */,
				3A584DD71B501F7D00860FAB /* _TestObjectTen.swift in Sources */,
				3A584DDB1B501F7D00860FAB /* _TestObjectTwelve.swift in Sources */,
				3A584DE11B501F7D00860FAB /* TestObjectEight.swift in Sources */,
				3A584DC71B501F7D00860FAB /* _TestObjectEight.swift in Sources */,
				3A584DF11B501F7D00860FAB /* TestObjectTen.swift in Sources */,
				3A584DE71B501F7D00860FAB /* TestObjectFour.swift in Sources */,
				3A584E0F1B501F7D00860FAB /* US2MapperCoreTests.swift in Sources */,
				3A584DEF1B501F7D00860FAB /* TestObjectSix.swift in Sources */,
				3A584DC91B501F7D00860FAB /* _TestObjectEleven.swift in Sources */,
				3A584DDF1B501F7D00860FAB /* US2Mapper.swift in Sources */,
				3A584E131B501FC500860FAB /* US2CompoundValueMapper.swift in Sources */,
				3A584DD31B501F7D00860FAB /* _TestObjectSeven.swift in Sources */,
				3A584DED1B501F7D00860FAB /* TestObjectSeven.swift in Sources */,
				3A584DDD1B501F7D00860FAB /* _TestObjectTwo.swift in Sources */,
				3A584DE91B501F7D00860FAB /* TestObjectNine.swift in Sources */,
				3A584DD11B501F7D00860FAB /* _TestObjectOne.swift in Sources */,
				3A584DD91B501F7D00860FAB /* _TestObjectThree.swift in Sources */,
				3A584DF51B501F7D00860FAB /* TestObjectTwelve.swift in Sources */,
				3A584DE31B501F7D00860FAB /* TestObjectEleven.swift in Sources */,
				3A584DF31B501F7D00860FAB /* TestObjectThree.swift in Sources */,
				3A584E111B501F7D00860FAB /* US2MapperScenarioTests.swift in Sources */,
				3A584DF71B501F7D00860FAB /* TestObjectTwo.swift in Sources */,
			);
			runOnlyForDeploymentPostprocessing = 0;
		};
		3A584E2E1B502AFC00860FAB /* Sources */ = {
			isa = PBXSourcesBuildPhase;
			buildActionMask = 2147483647;
			files = (
				3A584E4C1B502B3B00860FAB /* _US2Mapper.swift in Sources */,
				3A584E4D1B502B3B00860FAB /* US2CompoundValueMapper.swift in Sources */,
			);
			runOnlyForDeploymentPostprocessing = 0;
		};
		3A584E391B502AFD00860FAB /* Sources */ = {
			isa = PBXSourcesBuildPhase;
			buildActionMask = 2147483647;
			files = (
				3A584E751B502B6100860FAB /* _US2Mapper.swift in Sources */,
				3A584EB31B502BD400860FAB /* TestObjectOne.swift in Sources */,
				3A584E761B502B6100860FAB /* US2CompoundValueMapper.swift in Sources */,
				3A584EB01B502BD400860FAB /* TestObjectFive.swift in Sources */,
				3A584EA51B502BD400860FAB /* _TestObjectNine.swift in Sources */,
				3A584EA41B502BD400860FAB /* _TestObjectFour.swift in Sources */,
				3A584EA31B502BD400860FAB /* _TestObjectFive.swift in Sources */,
				3A584EA81B502BD400860FAB /* _TestObjectSix.swift in Sources */,
				3A584EA91B502BD400860FAB /* _TestObjectTen.swift in Sources */,
				3A584EAB1B502BD400860FAB /* _TestObjectTwelve.swift in Sources */,
				3A584EAE1B502BD400860FAB /* TestObjectEight.swift in Sources */,
				3A584EA11B502BD400860FAB /* _TestObjectEight.swift in Sources */,
				3A584EB61B502BD400860FAB /* TestObjectTen.swift in Sources */,
				3A584EB11B502BD400860FAB /* TestObjectFour.swift in Sources */,
				3A584EC51B502BD400860FAB /* US2MapperCoreTests.swift in Sources */,
				3A584EB51B502BD400860FAB /* TestObjectSix.swift in Sources */,
				3A584EA21B502BD400860FAB /* _TestObjectEleven.swift in Sources */,
				3A584EAD1B502BD400860FAB /* US2Mapper.swift in Sources */,
				3A584EA71B502BD400860FAB /* _TestObjectSeven.swift in Sources */,
				3A584EB41B502BD400860FAB /* TestObjectSeven.swift in Sources */,
				3A584EAC1B502BD400860FAB /* _TestObjectTwo.swift in Sources */,
				3A584EB21B502BD400860FAB /* TestObjectNine.swift in Sources */,
				3A584EA61B502BD400860FAB /* _TestObjectOne.swift in Sources */,
				3A584EAA1B502BD400860FAB /* _TestObjectThree.swift in Sources */,
				3A584EB81B502BD400860FAB /* TestObjectTwelve.swift in Sources */,
				3A584EAF1B502BD400860FAB /* TestObjectEleven.swift in Sources */,
				3A584EB71B502BD400860FAB /* TestObjectThree.swift in Sources */,
				3A584EC61B502BD400860FAB /* US2MapperScenarioTests.swift in Sources */,
				3A584EB91B502BD400860FAB /* TestObjectTwo.swift in Sources */,
			);
			runOnlyForDeploymentPostprocessing = 0;
		};
/* End PBXSourcesBuildPhase section */

/* Begin PBXTargetDependency section */
		3A584A1D1B50102F00860FAB /* PBXTargetDependency */ = {
			isa = PBXTargetDependency;
			target = 3A584A0F1B50102F00860FAB /* US2MapperKitOSX */;
			targetProxy = 3A584A1C1B50102F00860FAB /* PBXContainerItemProxy */;
		};
		3A584E401B502AFD00860FAB /* PBXTargetDependency */ = {
			isa = PBXTargetDependency;
			target = 3A584E321B502AFC00860FAB /* US2MapperKitiOS */;
			targetProxy = 3A584E3F1B502AFD00860FAB /* PBXContainerItemProxy */;
		};
/* End PBXTargetDependency section */

/* Begin XCBuildConfiguration section */
		3A58498E1B500E7500860FAB /* Debug */ = {
			isa = XCBuildConfiguration;
			buildSettings = {
				ALWAYS_SEARCH_USER_PATHS = NO;
				CLANG_CXX_LANGUAGE_STANDARD = "gnu++0x";
				CLANG_CXX_LIBRARY = "libc++";
				CLANG_ENABLE_MODULES = YES;
				CLANG_ENABLE_OBJC_ARC = YES;
				CLANG_WARN_BOOL_CONVERSION = YES;
				CLANG_WARN_CONSTANT_CONVERSION = YES;
				CLANG_WARN_DIRECT_OBJC_ISA_USAGE = YES_ERROR;
				CLANG_WARN_EMPTY_BODY = YES;
				CLANG_WARN_ENUM_CONVERSION = YES;
				CLANG_WARN_INT_CONVERSION = YES;
				CLANG_WARN_OBJC_ROOT_CLASS = YES_ERROR;
				CLANG_WARN_UNREACHABLE_CODE = YES;
				CLANG_WARN__DUPLICATE_METHOD_MATCH = YES;
				"CODE_SIGN_IDENTITY[sdk=iphoneos*]" = "iPhone Developer";
				COPY_PHASE_STRIP = NO;
				CURRENT_PROJECT_VERSION = 1;
				DEBUG_INFORMATION_FORMAT = "dwarf-with-dsym";
				ENABLE_STRICT_OBJC_MSGSEND = YES;
				GCC_C_LANGUAGE_STANDARD = gnu99;
				GCC_DYNAMIC_NO_PIC = NO;
				GCC_NO_COMMON_BLOCKS = YES;
				GCC_OPTIMIZATION_LEVEL = 0;
				GCC_PREPROCESSOR_DEFINITIONS = (
					"DEBUG=1",
					"$(inherited)",
				);
				GCC_SYMBOLS_PRIVATE_EXTERN = NO;
				GCC_WARN_64_TO_32_BIT_CONVERSION = YES;
				GCC_WARN_ABOUT_RETURN_TYPE = YES_ERROR;
				GCC_WARN_UNDECLARED_SELECTOR = YES;
				GCC_WARN_UNINITIALIZED_AUTOS = YES_AGGRESSIVE;
				GCC_WARN_UNUSED_FUNCTION = YES;
				GCC_WARN_UNUSED_VARIABLE = YES;
				IPHONEOS_DEPLOYMENT_TARGET = 8.4;
				MTL_ENABLE_DEBUG_INFO = YES;
				ONLY_ACTIVE_ARCH = YES;
				SDKROOT = iphoneos;
				SWIFT_OPTIMIZATION_LEVEL = "-Onone";
				TARGETED_DEVICE_FAMILY = "1,2";
				VERSIONING_SYSTEM = "apple-generic";
				VERSION_INFO_PREFIX = "";
			};
			name = Debug;
		};
		3A58498F1B500E7500860FAB /* Release */ = {
			isa = XCBuildConfiguration;
			buildSettings = {
				ALWAYS_SEARCH_USER_PATHS = NO;
				CLANG_CXX_LANGUAGE_STANDARD = "gnu++0x";
				CLANG_CXX_LIBRARY = "libc++";
				CLANG_ENABLE_MODULES = YES;
				CLANG_ENABLE_OBJC_ARC = YES;
				CLANG_WARN_BOOL_CONVERSION = YES;
				CLANG_WARN_CONSTANT_CONVERSION = YES;
				CLANG_WARN_DIRECT_OBJC_ISA_USAGE = YES_ERROR;
				CLANG_WARN_EMPTY_BODY = YES;
				CLANG_WARN_ENUM_CONVERSION = YES;
				CLANG_WARN_INT_CONVERSION = YES;
				CLANG_WARN_OBJC_ROOT_CLASS = YES_ERROR;
				CLANG_WARN_UNREACHABLE_CODE = YES;
				CLANG_WARN__DUPLICATE_METHOD_MATCH = YES;
				"CODE_SIGN_IDENTITY[sdk=iphoneos*]" = "iPhone Developer";
				COPY_PHASE_STRIP = NO;
				CURRENT_PROJECT_VERSION = 1;
				DEBUG_INFORMATION_FORMAT = "dwarf-with-dsym";
				ENABLE_NS_ASSERTIONS = NO;
				ENABLE_STRICT_OBJC_MSGSEND = YES;
				GCC_C_LANGUAGE_STANDARD = gnu99;
				GCC_NO_COMMON_BLOCKS = YES;
				GCC_WARN_64_TO_32_BIT_CONVERSION = YES;
				GCC_WARN_ABOUT_RETURN_TYPE = YES_ERROR;
				GCC_WARN_UNDECLARED_SELECTOR = YES;
				GCC_WARN_UNINITIALIZED_AUTOS = YES_AGGRESSIVE;
				GCC_WARN_UNUSED_FUNCTION = YES;
				GCC_WARN_UNUSED_VARIABLE = YES;
				IPHONEOS_DEPLOYMENT_TARGET = 8.4;
				MTL_ENABLE_DEBUG_INFO = NO;
				SDKROOT = iphoneos;
				TARGETED_DEVICE_FAMILY = "1,2";
				VALIDATE_PRODUCT = YES;
				VERSIONING_SYSTEM = "apple-generic";
				VERSION_INFO_PREFIX = "";
			};
			name = Release;
		};
		3A584A241B50102F00860FAB /* Debug */ = {
			isa = XCBuildConfiguration;
			buildSettings = {
				APPLICATION_EXTENSION_API_ONLY = YES;
				COMBINE_HIDPI_IMAGES = YES;
				DEBUG_INFORMATION_FORMAT = dwarf;
				DEFINES_MODULE = YES;
				DYLIB_COMPATIBILITY_VERSION = 1;
				DYLIB_CURRENT_VERSION = 1;
				DYLIB_INSTALL_NAME_BASE = "@rpath";
				FRAMEWORK_VERSION = A;
				GCC_PREPROCESSOR_DEFINITIONS = (
					"DEBUG=1",
					"$(inherited)",
				);
				INFOPLIST_FILE = US2MapperKitOSX/Info.plist;
				INSTALL_PATH = "$(LOCAL_LIBRARY_DIR)/Frameworks";
				LD_RUNPATH_SEARCH_PATHS = "$(inherited) @executable_path/../Frameworks @loader_path/Frameworks";
				MACOSX_DEPLOYMENT_TARGET = 10.10;
				PRODUCT_NAME = US2MapperKit;
				SDKROOT = macosx;
				SKIP_INSTALL = YES;
			};
			name = Debug;
		};
		3A584A251B50102F00860FAB /* Release */ = {
			isa = XCBuildConfiguration;
			buildSettings = {
				APPLICATION_EXTENSION_API_ONLY = YES;
				COMBINE_HIDPI_IMAGES = YES;
				DEFINES_MODULE = YES;
				DYLIB_COMPATIBILITY_VERSION = 1;
				DYLIB_CURRENT_VERSION = 1;
				DYLIB_INSTALL_NAME_BASE = "@rpath";
				FRAMEWORK_VERSION = A;
				INFOPLIST_FILE = US2MapperKitOSX/Info.plist;
				INSTALL_PATH = "$(LOCAL_LIBRARY_DIR)/Frameworks";
				LD_RUNPATH_SEARCH_PATHS = "$(inherited) @executable_path/../Frameworks @loader_path/Frameworks";
				MACOSX_DEPLOYMENT_TARGET = 10.10;
				PRODUCT_NAME = US2MapperKit;
				SDKROOT = macosx;
				SKIP_INSTALL = YES;
			};
			name = Release;
		};
		3A584A271B50102F00860FAB /* Debug */ = {
			isa = XCBuildConfiguration;
			buildSettings = {
				COMBINE_HIDPI_IMAGES = YES;
				DEBUG_INFORMATION_FORMAT = dwarf;
				FRAMEWORK_SEARCH_PATHS = (
					"$(DEVELOPER_FRAMEWORKS_DIR)",
					"$(inherited)",
				);
				GCC_PREPROCESSOR_DEFINITIONS = (
					"DEBUG=1",
					"$(inherited)",
				);
				INFOPLIST_FILE = US2MapperKitOSXTests/Info.plist;
				LD_RUNPATH_SEARCH_PATHS = "$(inherited) @executable_path/../Frameworks @loader_path/../Frameworks";
				MACOSX_DEPLOYMENT_TARGET = 10.10;
				PRODUCT_NAME = "$(TARGET_NAME)";
				SDKROOT = macosx;
			};
			name = Debug;
		};
		3A584A281B50102F00860FAB /* Release */ = {
			isa = XCBuildConfiguration;
			buildSettings = {
				COMBINE_HIDPI_IMAGES = YES;
				FRAMEWORK_SEARCH_PATHS = (
					"$(DEVELOPER_FRAMEWORKS_DIR)",
					"$(inherited)",
				);
				INFOPLIST_FILE = US2MapperKitOSXTests/Info.plist;
				LD_RUNPATH_SEARCH_PATHS = "$(inherited) @executable_path/../Frameworks @loader_path/../Frameworks";
				MACOSX_DEPLOYMENT_TARGET = 10.10;
				PRODUCT_NAME = "$(TARGET_NAME)";
				SDKROOT = macosx;
			};
			name = Release;
		};
		3A584E471B502AFD00860FAB /* Debug */ = {
			isa = XCBuildConfiguration;
			buildSettings = {
				APPLICATION_EXTENSION_API_ONLY = YES;
				DEFINES_MODULE = YES;
				DYLIB_COMPATIBILITY_VERSION = 1;
				DYLIB_CURRENT_VERSION = 1;
				DYLIB_INSTALL_NAME_BASE = "@rpath";
				GCC_PREPROCESSOR_DEFINITIONS = (
					"DEBUG=1",
					"$(inherited)",
				);
				INFOPLIST_FILE = US2MapperKitiOS/Info.plist;
				INSTALL_PATH = "$(LOCAL_LIBRARY_DIR)/Frameworks";
				IPHONEOS_DEPLOYMENT_TARGET = 8.0;
				LD_RUNPATH_SEARCH_PATHS = "$(inherited) @executable_path/Frameworks @loader_path/Frameworks";
				PRODUCT_NAME = US2MapperKit;
				SKIP_INSTALL = YES;
			};
			name = Debug;
		};
		3A584E481B502AFD00860FAB /* Release */ = {
			isa = XCBuildConfiguration;
			buildSettings = {
				APPLICATION_EXTENSION_API_ONLY = YES;
				DEFINES_MODULE = YES;
				DYLIB_COMPATIBILITY_VERSION = 1;
				DYLIB_CURRENT_VERSION = 1;
				DYLIB_INSTALL_NAME_BASE = "@rpath";
				INFOPLIST_FILE = US2MapperKitiOS/Info.plist;
				INSTALL_PATH = "$(LOCAL_LIBRARY_DIR)/Frameworks";
				IPHONEOS_DEPLOYMENT_TARGET = 8.0;
				LD_RUNPATH_SEARCH_PATHS = "$(inherited) @executable_path/Frameworks @loader_path/Frameworks";
				PRODUCT_NAME = US2MapperKit;
				SKIP_INSTALL = YES;
			};
			name = Release;
		};
		3A584E4A1B502AFD00860FAB /* Debug */ = {
			isa = XCBuildConfiguration;
			buildSettings = {
				FRAMEWORK_SEARCH_PATHS = (
					"$(SDKROOT)/Developer/Library/Frameworks",
					"$(inherited)",
				);
				GCC_PREPROCESSOR_DEFINITIONS = (
					"DEBUG=1",
					"$(inherited)",
				);
				INFOPLIST_FILE = US2MapperKitiOSTests/Info.plist;
				LD_RUNPATH_SEARCH_PATHS = "$(inherited) @executable_path/Frameworks @loader_path/Frameworks";
				PRODUCT_NAME = "$(TARGET_NAME)";
			};
			name = Debug;
		};
		3A584E4B1B502AFD00860FAB /* Release */ = {
			isa = XCBuildConfiguration;
			buildSettings = {
				FRAMEWORK_SEARCH_PATHS = (
					"$(SDKROOT)/Developer/Library/Frameworks",
					"$(inherited)",
				);
				INFOPLIST_FILE = US2MapperKitiOSTests/Info.plist;
				LD_RUNPATH_SEARCH_PATHS = "$(inherited) @executable_path/Frameworks @loader_path/Frameworks";
				PRODUCT_NAME = "$(TARGET_NAME)";
			};
			name = Release;
		};
/* End XCBuildConfiguration section */

/* Begin XCConfigurationList section */
		3A5849741B500E7500860FAB /* Build configuration list for PBXProject "US2MapperKit" */ = {
			isa = XCConfigurationList;
			buildConfigurations = (
				3A58498E1B500E7500860FAB /* Debug */,
				3A58498F1B500E7500860FAB /* Release */,
			);
			defaultConfigurationIsVisible = 0;
			defaultConfigurationName = Release;
		};
		3A584A231B50102F00860FAB /* Build configuration list for PBXNativeTarget "US2MapperKitOSX" */ = {
			isa = XCConfigurationList;
			buildConfigurations = (
				3A584A241B50102F00860FAB /* Debug */,
				3A584A251B50102F00860FAB /* Release */,
			);
			defaultConfigurationIsVisible = 0;
			defaultConfigurationName = Release;
		};
		3A584A261B50102F00860FAB /* Build configuration list for PBXNativeTarget "US2MapperKitOSXTests" */ = {
			isa = XCConfigurationList;
			buildConfigurations = (
				3A584A271B50102F00860FAB /* Debug */,
				3A584A281B50102F00860FAB /* Release */,
			);
			defaultConfigurationIsVisible = 0;
			defaultConfigurationName = Release;
		};
		3A584E461B502AFD00860FAB /* Build configuration list for PBXNativeTarget "US2MapperKitiOS" */ = {
			isa = XCConfigurationList;
			buildConfigurations = (
				3A584E471B502AFD00860FAB /* Debug */,
				3A584E481B502AFD00860FAB /* Release */,
			);
			defaultConfigurationIsVisible = 0;
			defaultConfigurationName = Release;
		};
		3A584E491B502AFD00860FAB /* Build configuration list for PBXNativeTarget "US2MapperKitiOSTests" */ = {
			isa = XCConfigurationList;
			buildConfigurations = (
				3A584E4A1B502AFD00860FAB /* Debug */,
				3A584E4B1B502AFD00860FAB /* Release */,
			);
			defaultConfigurationIsVisible = 0;
			defaultConfigurationName = Release;
		};
/* End XCConfigurationList section */
	};
	rootObject = 3A5849711B500E7500860FAB /* Project object */;
}
