// !$*UTF8*$!
{
	archiveVersion = 1;
	classes = {
	};
	objectVersion = 46;
	objects = {

/* Begin PBXBuildFile section */
		3A9A3D981B4EDAC700B1789D /* AppDelegate.swift in Sources */ = {isa = PBXBuildFile; fileRef = 3A9A3D971B4EDAC700B1789D /* AppDelegate.swift */; };
		3A9A3D9A1B4EDAC700B1789D /* ViewController.swift in Sources */ = {isa = PBXBuildFile; fileRef = 3A9A3D991B4EDAC700B1789D /* ViewController.swift */; };
		3A9A3D9D1B4EDAC700B1789D /* Main.storyboard in Resources */ = {isa = PBXBuildFile; fileRef = 3A9A3D9B1B4EDAC700B1789D /* Main.storyboard */; };
		3A9A3D9F1B4EDAC700B1789D /* Images.xcassets in Resources */ = {isa = PBXBuildFile; fileRef = 3A9A3D9E1B4EDAC700B1789D /* Images.xcassets */; };
		3A9A3DA21B4EDAC700B1789D /* LaunchScreen.xib in Resources */ = {isa = PBXBuildFile; fileRef = 3A9A3DA01B4EDAC700B1789D /* LaunchScreen.xib */; };
		3A9A3DAE1B4EDAC700B1789D /* PluginTestProjectTests.swift in Sources */ = {isa = PBXBuildFile; fileRef = 3A9A3DAD1B4EDAC700B1789D /* PluginTestProjectTests.swift */; };
/* End PBXBuildFile section */

/* Begin PBXContainerItemProxy section */
		3A9A3DA81B4EDAC700B1789D /* PBXContainerItemProxy */ = {
			isa = PBXContainerItemProxy;
			containerPortal = 3A9A3D8A1B4EDAC700B1789D /* Project object */;
			proxyType = 1;
			remoteGlobalIDString = 3A9A3D911B4EDAC700B1789D;
			remoteInfo = PluginTestProject;
		};
/* End PBXContainerItemProxy section */

/* Begin PBXFileReference section */
		3A9A3D921B4EDAC700B1789D /* PluginTestProject.app */ = {isa = PBXFileReference; explicitFileType = wrapper.application; includeInIndex = 0; path = PluginTestProject.app; sourceTree = BUILT_PRODUCTS_DIR; };
		3A9A3D961B4EDAC700B1789D /* Info.plist */ = {isa = PBXFileReference; lastKnownFileType = text.plist.xml; path = Info.plist; sourceTree = "<group>"; };
		3A9A3D971B4EDAC700B1789D /* AppDelegate.swift */ = {isa = PBXFileReference; lastKnownFileType = sourcecode.swift; path = AppDelegate.swift; sourceTree = "<group>"; };
		3A9A3D991B4EDAC700B1789D /* ViewController.swift */ = {isa = PBXFileReference; lastKnownFileType = sourcecode.swift; path = ViewController.swift; sourceTree = "<group>"; };
		3A9A3D9C1B4EDAC700B1789D /* Base */ = {isa = PBXFileReference; lastKnownFileType = file.storyboard; name = Base; path = Base.lproj/Main.storyboard; sourceTree = "<group>"; };
		3A9A3D9E1B4EDAC700B1789D /* Images.xcassets */ = {isa = PBXFileReference; lastKnownFileType = folder.assetcatalog; path = Images.xcassets; sourceTree = "<group>"; };
		3A9A3DA11B4EDAC700B1789D /* Base */ = {isa = PBXFileReference; lastKnownFileType = file.xib; name = Base; path = Base.lproj/LaunchScreen.xib; sourceTree = "<group>"; };
		3A9A3DA71B4EDAC700B1789D /* PluginTestProjectTests.xctest */ = {isa = PBXFileReference; explicitFileType = wrapper.cfbundle; includeInIndex = 0; path = PluginTestProjectTests.xctest; sourceTree = BUILT_PRODUCTS_DIR; };
		3A9A3DAC1B4EDAC700B1789D /* Info.plist */ = {isa = PBXFileReference; lastKnownFileType = text.plist.xml; path = Info.plist; sourceTree = "<group>"; };
		3A9A3DAD1B4EDAC700B1789D /* PluginTestProjectTests.swift */ = {isa = PBXFileReference; lastKnownFileType = sourcecode.swift; path = PluginTestProjectTests.swift; sourceTree = "<group>"; };
/* End PBXFileReference section */

/* Begin PBXFrameworksBuildPhase section */
		3A9A3D8F1B4EDAC700B1789D /* Frameworks */ = {
			isa = PBXFrameworksBuildPhase;
			buildActionMask = 2147483647;
			files = (
			);
			runOnlyForDeploymentPostprocessing = 0;
		};
		3A9A3DA41B4EDAC700B1789D /* Frameworks */ = {
			isa = PBXFrameworksBuildPhase;
			buildActionMask = 2147483647;
			files = (
			);
			runOnlyForDeploymentPostprocessing = 0;
		};
/* End PBXFrameworksBuildPhase section */

/* Begin PBXGroup section */
		3A9A3D891B4EDAC700B1789D = {
			isa = PBXGroup;
			children = (
				3A9A3D941B4EDAC700B1789D /* PluginTestProject */,
				3A9A3DAA1B4EDAC700B1789D /* PluginTestProjectTests */,
				3A9A3D931B4EDAC700B1789D /* Products */,
			);
			sourceTree = "<group>";
		};
		3A9A3D931B4EDAC700B1789D /* Products */ = {
			isa = PBXGroup;
			children = (
				3A9A3D921B4EDAC700B1789D /* PluginTestProject.app */,
				3A9A3DA71B4EDAC700B1789D /* PluginTestProjectTests.xctest */,
			);
			name = Products;
			sourceTree = "<group>";
		};
		3A9A3D941B4EDAC700B1789D /* PluginTestProject */ = {
			isa = PBXGroup;
			children = (
				3A9A3D971B4EDAC700B1789D /* AppDelegate.swift */,
				3A9A3D991B4EDAC700B1789D /* ViewController.swift */,
				3A9A3D9B1B4EDAC700B1789D /* Main.storyboard */,
				3A9A3D9E1B4EDAC700B1789D /* Images.xcassets */,
				3A9A3DA01B4EDAC700B1789D /* LaunchScreen.xib */,
				3A9A3D951B4EDAC700B1789D /* Supporting Files */,
			);
			path = PluginTestProject;
			sourceTree = "<group>";
		};
		3A9A3D951B4EDAC700B1789D /* Supporting Files */ = {
			isa = PBXGroup;
			children = (
				3A9A3D961B4EDAC700B1789D /* Info.plist */,
			);
			name = "Supporting Files";
			sourceTree = "<group>";
		};
		3A9A3DAA1B4EDAC700B1789D /* PluginTestProjectTests */ = {
			isa = PBXGroup;
			children = (
				3A9A3DAD1B4EDAC700B1789D /* PluginTestProjectTests.swift */,
				3A9A3DAB1B4EDAC700B1789D /* Supporting Files */,
			);
			path = PluginTestProjectTests;
			sourceTree = "<group>";
		};
		3A9A3DAB1B4EDAC700B1789D /* Supporting Files */ = {
			isa = PBXGroup;
			children = (
				3A9A3DAC1B4EDAC700B1789D /* Info.plist */,
			);
			name = "Supporting Files";
			sourceTree = "<group>";
		};
/* End PBXGroup section */

/* Begin PBXNativeTarget section */
		3A9A3D911B4EDAC700B1789D /* PluginTestProject */ = {
			isa = PBXNativeTarget;
			buildConfigurationList = 3A9A3DB11B4EDAC700B1789D /* Build configuration list for PBXNativeTarget "PluginTestProject" */;
			buildPhases = (
				3A9A3D8E1B4EDAC700B1789D /* Sources */,
				3A9A3D8F1B4EDAC700B1789D /* Frameworks */,
				3A9A3D901B4EDAC700B1789D /* Resources */,
			);
			buildRules = (
			);
			dependencies = (
			);
			name = PluginTestProject;
			productName = PluginTestProject;
			productReference = 3A9A3D921B4EDAC700B1789D /* PluginTestProject.app */;
			productType = "com.apple.product-type.application";
		};
		3A9A3DA61B4EDAC700B1789D /* PluginTestProjectTests */ = {
			isa = PBXNativeTarget;
			buildConfigurationList = 3A9A3DB41B4EDAC700B1789D /* Build configuration list for PBXNativeTarget "PluginTestProjectTests" */;
			buildPhases = (
				3A9A3DA31B4EDAC700B1789D /* Sources */,
				3A9A3DA41B4EDAC700B1789D /* Frameworks */,
				3A9A3DA51B4EDAC700B1789D /* Resources */,
			);
			buildRules = (
			);
			dependencies = (
				3A9A3DA91B4EDAC700B1789D /* PBXTargetDependency */,
			);
			name = PluginTestProjectTests;
			productName = PluginTestProjectTests;
			productReference = 3A9A3DA71B4EDAC700B1789D /* PluginTestProjectTests.xctest */;
			productType = "com.apple.product-type.bundle.unit-test";
		};
/* End PBXNativeTarget section */

/* Begin PBXProject section */
		3A9A3D8A1B4EDAC700B1789D /* Project object */ = {
			isa = PBXProject;
			attributes = {
				LastUpgradeCheck = 0640;
				ORGANIZATIONNAME = ustwo;
				TargetAttributes = {
					3A9A3D911B4EDAC700B1789D = {
						CreatedOnToolsVersion = 6.4;
					};
					3A9A3DA61B4EDAC700B1789D = {
						CreatedOnToolsVersion = 6.4;
						TestTargetID = 3A9A3D911B4EDAC700B1789D;
					};
				};
			};
			buildConfigurationList = 3A9A3D8D1B4EDAC700B1789D /* Build configuration list for PBXProject "PluginTestProject" */;
			compatibilityVersion = "Xcode 3.2";
			developmentRegion = English;
			hasScannedForEncodings = 0;
			knownRegions = (
				en,
				Base,
			);
			mainGroup = 3A9A3D891B4EDAC700B1789D;
			productRefGroup = 3A9A3D931B4EDAC700B1789D /* Products */;
			projectDirPath = "";
			projectRoot = "";
			targets = (
				3A9A3D911B4EDAC700B1789D /* PluginTestProject */,
				3A9A3DA61B4EDAC700B1789D /* PluginTestProjectTests */,
			);
		};
/* End PBXProject section */

/* Begin PBXResourcesBuildPhase section */
		3A9A3D901B4EDAC700B1789D /* Resources */ = {
			isa = PBXResourcesBuildPhase;
			buildActionMask = 2147483647;
			files = (
				3A9A3D9D1B4EDAC700B1789D /* Main.storyboard in Resources */,
				3A9A3DA21B4EDAC700B1789D /* LaunchScreen.xib in Resources */,
				3A9A3D9F1B4EDAC700B1789D /* Images.xcassets in Resources */,
			);
			runOnlyForDeploymentPostprocessing = 0;
		};
		3A9A3DA51B4EDAC700B1789D /* Resources */ = {
			isa = PBXResourcesBuildPhase;
			buildActionMask = 2147483647;
			files = (
			);
			runOnlyForDeploymentPostprocessing = 0;
		};
/* End PBXResourcesBuildPhase section */

/* Begin PBXSourcesBuildPhase section */
		3A9A3D8E1B4EDAC700B1789D /* Sources */ = {
			isa = PBXSourcesBuildPhase;
			buildActionMask = 2147483647;
			files = (
				3A9A3D9A1B4EDAC700B1789D /* ViewController.swift in Sources */,
				3A9A3D981B4EDAC700B1789D /* AppDelegate.swift in Sources */,
			);
			runOnlyForDeploymentPostprocessing = 0;
		};
		3A9A3DA31B4EDAC700B1789D /* Sources */ = {
			isa = PBXSourcesBuildPhase;
			buildActionMask = 2147483647;
			files = (
				3A9A3DAE1B4EDAC700B1789D /* PluginTestProjectTests.swift in Sources */,
			);
			runOnlyForDeploymentPostprocessing = 0;
		};
/* End PBXSourcesBuildPhase section */

/* Begin PBXTargetDependency section */
		3A9A3DA91B4EDAC700B1789D /* PBXTargetDependency */ = {
			isa = PBXTargetDependency;
			target = 3A9A3D911B4EDAC700B1789D /* PluginTestProject */;
			targetProxy = 3A9A3DA81B4EDAC700B1789D /* PBXContainerItemProxy */;
		};
/* End PBXTargetDependency section */

/* Begin PBXVariantGroup section */
		3A9A3D9B1B4EDAC700B1789D /* Main.storyboard */ = {
			isa = PBXVariantGroup;
			children = (
				3A9A3D9C1B4EDAC700B1789D /* Base */,
			);
			name = Main.storyboard;
			sourceTree = "<group>";
		};
		3A9A3DA01B4EDAC700B1789D /* LaunchScreen.xib */ = {
			isa = PBXVariantGroup;
			children = (
				3A9A3DA11B4EDAC700B1789D /* Base */,
			);
			name = LaunchScreen.xib;
			sourceTree = "<group>";
		};
/* End PBXVariantGroup section */

/* Begin XCBuildConfiguration section */
		3A9A3DAF1B4EDAC700B1789D /* Debug */ = {
			isa = XCBuildConfiguration;
			buildSettings = {
				ALWAYS_SEARCH_USER_PATHS = NO;
				CLANG_CXX_LANGUAGE_STANDARD = "gnu++0x";
				CLANG_CXX_LIBRARY = "libc++";
				CLANG_ENABLE_MODULES = YES;
				CLANG_ENABLE_OBJC_ARC = YES;
				CLANG_WARN_BOOL_CONVERSION = YES;
				CLANG_WARN_CONSTANT_CONVERSION = YES;
				CLANG_WARN_DIRECT_OBJC_ISA_USAGE = YES_ERROR;
				CLANG_WARN_EMPTY_BODY = YES;
				CLANG_WARN_ENUM_CONVERSION = YES;
				CLANG_WARN_INT_CONVERSION = YES;
				CLANG_WARN_OBJC_ROOT_CLASS = YES_ERROR;
				CLANG_WARN_UNREACHABLE_CODE = YES;
				CLANG_WARN__DUPLICATE_METHOD_MATCH = YES;
				"CODE_SIGN_IDENTITY[sdk=iphoneos*]" = "iPhone Developer";
				COPY_PHASE_STRIP = NO;
				DEBUG_INFORMATION_FORMAT = "dwarf-with-dsym";
				ENABLE_STRICT_OBJC_MSGSEND = YES;
				GCC_C_LANGUAGE_STANDARD = gnu99;
				GCC_DYNAMIC_NO_PIC = NO;
				GCC_NO_COMMON_BLOCKS = YES;
				GCC_OPTIMIZATION_LEVEL = 0;
				GCC_PREPROCESSOR_DEFINITIONS = (
					"DEBUG=1",
					"$(inherited)",
				);
				GCC_SYMBOLS_PRIVATE_EXTERN = NO;
				GCC_WARN_64_TO_32_BIT_CONVERSION = YES;
				GCC_WARN_ABOUT_RETURN_TYPE = YES_ERROR;
				GCC_WARN_UNDECLARED_SELECTOR = YES;
				GCC_WARN_UNINITIALIZED_AUTOS = YES_AGGRESSIVE;
				GCC_WARN_UNUSED_FUNCTION = YES;
				GCC_WARN_UNUSED_VARIABLE = YES;
				IPHONEOS_DEPLOYMENT_TARGET = 8.4;
				MTL_ENABLE_DEBUG_INFO = YES;
				ONLY_ACTIVE_ARCH = YES;
				SDKROOT = iphoneos;
				SWIFT_OPTIMIZATION_LEVEL = "-Onone";
			};
			name = Debug;
		};
		3A9A3DB01B4EDAC700B1789D /* Release */ = {
			isa = XCBuildConfiguration;
			buildSettings = {
				ALWAYS_SEARCH_USER_PATHS = NO;
				CLANG_CXX_LANGUAGE_STANDARD = "gnu++0x";
				CLANG_CXX_LIBRARY = "libc++";
				CLANG_ENABLE_MODULES = YES;
				CLANG_ENABLE_OBJC_ARC = YES;
				CLANG_WARN_BOOL_CONVERSION = YES;
				CLANG_WARN_CONSTANT_CONVERSION = YES;
				CLANG_WARN_DIRECT_OBJC_ISA_USAGE = YES_ERROR;
				CLANG_WARN_EMPTY_BODY = YES;
				CLANG_WARN_ENUM_CONVERSION = YES;
				CLANG_WARN_INT_CONVERSION = YES;
				CLANG_WARN_OBJC_ROOT_CLASS = YES_ERROR;
				CLANG_WARN_UNREACHABLE_CODE = YES;
				CLANG_WARN__DUPLICATE_METHOD_MATCH = YES;
				"CODE_SIGN_IDENTITY[sdk=iphoneos*]" = "iPhone Developer";
				COPY_PHASE_STRIP = NO;
				DEBUG_INFORMATION_FORMAT = "dwarf-with-dsym";
				ENABLE_NS_ASSERTIONS = NO;
				ENABLE_STRICT_OBJC_MSGSEND = YES;
				GCC_C_LANGUAGE_STANDARD = gnu99;
				GCC_NO_COMMON_BLOCKS = YES;
				GCC_WARN_64_TO_32_BIT_CONVERSION = YES;
				GCC_WARN_ABOUT_RETURN_TYPE = YES_ERROR;
				GCC_WARN_UNDECLARED_SELECTOR = YES;
				GCC_WARN_UNINITIALIZED_AUTOS = YES_AGGRESSIVE;
				GCC_WARN_UNUSED_FUNCTION = YES;
				GCC_WARN_UNUSED_VARIABLE = YES;
				IPHONEOS_DEPLOYMENT_TARGET = 8.4;
				MTL_ENABLE_DEBUG_INFO = NO;
				SDKROOT = iphoneos;
				VALIDATE_PRODUCT = YES;
			};
			name = Release;
		};
		3A9A3DB21B4EDAC700B1789D /* Debug */ = {
			isa = XCBuildConfiguration;
			buildSettings = {
				ASSETCATALOG_COMPILER_APPICON_NAME = AppIcon;
				INFOPLIST_FILE = PluginTestProject/Info.plist;
				LD_RUNPATH_SEARCH_PATHS = "$(inherited) @executable_path/Frameworks";
				PRODUCT_NAME = "$(TARGET_NAME)";
			};
			name = Debug;
		};
		3A9A3DB31B4EDAC700B1789D /* Release */ = {
			isa = XCBuildConfiguration;
			buildSettings = {
				ASSETCATALOG_COMPILER_APPICON_NAME = AppIcon;
				INFOPLIST_FILE = PluginTestProject/Info.plist;
				LD_RUNPATH_SEARCH_PATHS = "$(inherited) @executable_path/Frameworks";
				PRODUCT_NAME = "$(TARGET_NAME)";
			};
			name = Release;
		};
		3A9A3DB51B4EDAC700B1789D /* Debug */ = {
			isa = XCBuildConfiguration;
			buildSettings = {
				BUNDLE_LOADER = "$(TEST_HOST)";
				FRAMEWORK_SEARCH_PATHS = (
					"$(SDKROOT)/Developer/Library/Frameworks",
					"$(inherited)",
				);
				GCC_PREPROCESSOR_DEFINITIONS = (
					"DEBUG=1",
					"$(inherited)",
				);
				INFOPLIST_FILE = PluginTestProjectTests/Info.plist;
				LD_RUNPATH_SEARCH_PATHS = "$(inherited) @executable_path/Frameworks @loader_path/Frameworks";
				PRODUCT_NAME = "$(TARGET_NAME)";
				TEST_HOST = "$(BUILT_PRODUCTS_DIR)/PluginTestProject.app/PluginTestProject";
			};
			name = Debug;
		};
		3A9A3DB61B4EDAC700B1789D /* Release */ = {
			isa = XCBuildConfiguration;
			buildSettings = {
				BUNDLE_LOADER = "$(TEST_HOST)";
				FRAMEWORK_SEARCH_PATHS = (
					"$(SDKROOT)/Developer/Library/Frameworks",
					"$(inherited)",
				);
				INFOPLIST_FILE = PluginTestProjectTests/Info.plist;
				LD_RUNPATH_SEARCH_PATHS = "$(inherited) @executable_path/Frameworks @loader_path/Frameworks";
				PRODUCT_NAME = "$(TARGET_NAME)";
				TEST_HOST = "$(BUILT_PRODUCTS_DIR)/PluginTestProject.app/PluginTestProject";
			};
			name = Release;
		};
/* End XCBuildConfiguration section */

/* Begin XCConfigurationList section */
		3A9A3D8D1B4EDAC700B1789D /* Build configuration list for PBXProject "PluginTestProject" */ = {
			isa = XCConfigurationList;
			buildConfigurations = (
				3A9A3DAF1B4EDAC700B1789D /* Debug */,
				3A9A3DB01B4EDAC700B1789D /* Release */,
			);
			defaultConfigurationIsVisible = 0;
			defaultConfigurationName = Release;
		};
		3A9A3DB11B4EDAC700B1789D /* Build configuration list for PBXNativeTarget "PluginTestProject" */ = {
			isa = XCConfigurationList;
			buildConfigurations = (
				3A9A3DB21B4EDAC700B1789D /* Debug */,
				3A9A3DB31B4EDAC700B1789D /* Release */,
			);
			defaultConfigurationIsVisible = 0;
		};
		3A9A3DB41B4EDAC700B1789D /* Build configuration list for PBXNativeTarget "PluginTestProjectTests" */ = {
			isa = XCConfigurationList;
			buildConfigurations = (
				3A9A3DB51B4EDAC700B1789D /* Debug */,
				3A9A3DB61B4EDAC700B1789D /* Release */,
			);
			defaultConfigurationIsVisible = 0;
		};
/* End XCConfigurationList section */
	};
	rootObject = 3A9A3D8A1B4EDAC700B1789D /* Project object */;
}
